{
  "version": 4,
  "terraform_version": "1.14.8",
  "serial": 44,
  "lineage": "1b3cb1b0-a6ba-15ca-99c2-a9c345241cac",
  "outputs": {},
  "resources": [
    {
      "mode": "managed",
      "type": "aws_ec2_transit_gateway",
      "name": "tgw",
      "provider": "provider[\"registry.terraform.io/hashicorp/aws\"]",
      "instances": [
        {
          "schema_version": 0,
          "attributes": {
            "amazon_side_asn": 64512,
            "arn": "arn:aws:ec2:ap-south-1:601452824785:transit-gateway/tgw-00356ca5e54dff105",
            "association_default_route_table_id": "tgw-rtb-02d94623873240fba",
            "auto_accept_shared_attachments": "disable",
            "default_route_table_association": "enable",
            "default_route_table_propagation": "enable",
            "description": "transit gateway",
            "dns_support": "enable",
            "encryption_support": "disable",
            "id": "tgw-00356ca5e54dff105",
            "multicast_support": "disable",
            "owner_id": "601452824785",
            "propagation_default_route_table_id": "tgw-rtb-02d94623873240fba",
            "region": "ap-south-1",
            "security_group_referencing_support": "disable",
            "tags": {
              "Name": "my-tgw"
            },
            "tags_all": {
              "Name": "my-tgw"
            },
            "timeouts": null,
            "transit_gateway_cidr_blocks": null,
            "vpn_ecmp_support": "enable"
          },
          "sensitive_attributes": [],
          "identity_schema_version": 0,
          "private": "eyJlMmJmYjczMC1lY2FhLTExZTYtOGY4OC0zNDM2M2JjN2M0YzAiOnsiY3JlYXRlIjo2MDAwMDAwMDAwMDAsImRlbGV0ZSI6NjAwMDAwMDAwMDAwLCJ1cGRhdGUiOjYwMDAwMDAwMDAwMH19"
        }
      ]
    },
    {
      "mode": "managed",
      "type": "aws_ec2_transit_gateway_vpc_attachment",
      "name": "tgw-vpc-2-attachment",
      "provider": "provider[\"registry.terraform.io/hashicorp/aws\"]",
      "instances": [
        {
          "schema_version": 0,
          "attributes": {
            "appliance_mode_support": "disable",
            "arn": "arn:aws:ec2:ap-south-1:601452824785:transit-gateway-attachment/tgw-attach-0c101cb751440fdb6",
            "dns_support": "enable",
            "id": "tgw-attach-0c101cb751440fdb6",
            "ipv6_support": "disable",
            "region": "ap-south-1",
            "security_group_referencing_support": "enable",
            "subnet_ids": [
              "subnet-08b64f2732f1918a1",
              "subnet-0c07470e55ff13ec3"
            ],
            "tags": null,
            "tags_all": {},
            "transit_gateway_default_route_table_association": true,
            "transit_gateway_default_route_table_propagation": true,
            "transit_gateway_id": "tgw-00356ca5e54dff105",
            "vpc_id": "vpc-01633fa191645c405",
            "vpc_owner_id": "601452824785"
          },
          "sensitive_attributes": [],
          "identity_schema_version": 0,
          "private": "bnVsbA==",
          "dependencies": [
            "aws_ec2_transit_gateway.tgw",
            "module.v2-module.aws_subnet.vpc-2-pri-subnet-1",
            "module.v2-module.aws_subnet.vpc-2-pub-subnet-1",
            "module.v2-module.aws_vpc.vpc-2"
          ]
        }
      ]
    },
    {
      "mode": "managed",
      "type": "aws_ec2_transit_gateway_vpc_attachment",
      "name": "tgw-vpc-3-attachment",
      "provider": "provider[\"registry.terraform.io/hashicorp/aws\"]",
      "instances": [
        {
          "schema_version": 0,
          "attributes": {
            "appliance_mode_support": "disable",
            "arn": "arn:aws:ec2:ap-south-1:601452824785:transit-gateway-attachment/tgw-attach-0d41bc2ba962da645",
            "dns_support": "enable",
            "id": "tgw-attach-0d41bc2ba962da645",
            "ipv6_support": "disable",
            "region": "ap-south-1",
            "security_group_referencing_support": "enable",
            "subnet_ids": [
              "subnet-057417c714ccee9b1",
              "subnet-09f31990626a81cba"
            ],
            "tags": null,
            "tags_all": {},
            "transit_gateway_default_route_table_association": true,
            "transit_gateway_default_route_table_propagation": true,
            "transit_gateway_id": "tgw-00356ca5e54dff105",
            "vpc_id": "vpc-01a4a133fbf9b05be",
            "vpc_owner_id": "601452824785"
          },
          "sensitive_attributes": [],
          "identity_schema_version": 0,
          "private": "bnVsbA==",
          "dependencies": [
            "aws_ec2_transit_gateway.tgw",
            "module.v3-module.aws_subnet.vpc-3-pri-subnet-1",
            "module.v3-module.aws_subnet.vpc-3-pub-subnet-1",
            "module.v3-module.aws_vpc.vpc-3"
          ]
        }
      ]
    },
    {
      "mode": "managed",
      "type": "aws_ec2_transit_gateway_vpc_attachment",
      "name": "tgw-vpc-attachment",
      "provider": "provider[\"registry.terraform.io/hashicorp/aws\"]",
      "instances": [
        {
          "schema_version": 0,
          "attributes": {
            "appliance_mode_support": "disable",
            "arn": "arn:aws:ec2:ap-south-1:601452824785:transit-gateway-attachment/tgw-attach-0f7174d38f78ce580",
            "dns_support": "enable",
            "id": "tgw-attach-0f7174d38f78ce580",
            "ipv6_support": "disable",
            "region": "ap-south-1",
            "security_group_referencing_support": "enable",
            "subnet_ids": [
              "subnet-0e470fae3d94c76e4"
            ],
            "tags": null,
            "tags_all": {},
            "transit_gateway_default_route_table_association": true,
            "transit_gateway_default_route_table_propagation": true,
            "transit_gateway_id": "tgw-00356ca5e54dff105",
            "vpc_id": "vpc-0a899b67e89bbfa63",
            "vpc_owner_id": "601452824785"
          },
          "sensitive_attributes": [],
          "identity_schema_version": 0,
          "private": "bnVsbA==",
          "dependencies": [
            "aws_ec2_transit_gateway.tgw",
            "module.v1-module.aws_subnet.vpc-1-pub-subnet-1",
            "module.v1-module.aws_vpc.vpc-1"
          ]
        }
      ]
    },
    {
      "module": "module.v1-module",
      "mode": "managed",
      "type": "aws_eip",
      "name": "nat-eip",
      "provider": "module.v1-module.provider[\"registry.terraform.io/hashicorp/aws\"]",
      "instances": [
        {
          "schema_version": 0,
          "attributes": {
            "address": null,
            "allocation_id": "eipalloc-006fd6a864c62ffb7",
            "arn": "arn:aws:ec2:ap-south-1:601452824785:elastic-ip/eipalloc-006fd6a864c62ffb7",
            "associate_with_private_ip": null,
            "association_id": "",
            "carrier_ip": "",
            "customer_owned_ip": "",
            "customer_owned_ipv4_pool": "",
            "domain": "vpc",
            "id": "eipalloc-006fd6a864c62ffb7",
            "instance": "",
            "ipam_pool_id": "",
            "network_border_group": "ap-south-1",
            "network_interface": "",
            "private_dns": "",
            "private_ip": "",
            "ptr_record": "",
            "public_dns": "ec2-13-232-90-41.ap-south-1.compute.amazonaws.com",
            "public_ip": "13.232.90.41",
            "public_ipv4_pool": "amazon",
            "region": "ap-south-1",
            "tags": null,
            "tags_all": {},
            "timeouts": null
          },
          "sensitive_attributes": [],
          "identity_schema_version": 0,
          "identity": {
            "account_id": "601452824785",
            "id": "eipalloc-006fd6a864c62ffb7",
            "region": "ap-south-1"
          },
          "private": "eyJlMmJmYjczMC1lY2FhLTExZTYtOGY4OC0zNDM2M2JjN2M0YzAiOnsiZGVsZXRlIjoxODAwMDAwMDAwMDAsInJlYWQiOjkwMDAwMDAwMDAwMCwidXBkYXRlIjozMDAwMDAwMDAwMDB9fQ=="
        }
      ]
    },
    {
      "module": "module.v1-module",
      "mode": "managed",
      "type": "aws_instance",
      "name": "vpc-1-pri-server",
      "provider": "module.v1-module.provider[\"registry.terraform.io/hashicorp/aws\"]",
      "instances": [
        {
          "schema_version": 2,
          "attributes": {
            "ami": "ami-0e38835daf6b8a2b9",
            "arn": "arn:aws:ec2:ap-south-1:601452824785:instance/i-0c04af661ef634a59",
            "associate_public_ip_address": false,
            "availability_zone": "ap-south-1b",
            "capacity_reservation_specification": [
              {
                "capacity_reservation_preference": "open",
                "capacity_reservation_target": []
              }
            ],
            "cpu_options": [
              {
                "amd_sev_snp": "",
                "core_count": 1,
                "nested_virtualization": "",
                "threads_per_core": 2
              }
            ],
            "credit_specification": [
              {
                "cpu_credits": "unlimited"
              }
            ],
            "disable_api_stop": false,
            "disable_api_termination": false,
            "ebs_block_device": [],
            "ebs_optimized": false,
            "enable_primary_ipv6": null,
            "enclave_options": [
              {
                "enabled": false
              }
            ],
            "ephemeral_block_device": [],
            "force_destroy": false,
            "get_password_data": false,
            "hibernation": false,
            "host_id": "",
            "host_resource_group_arn": null,
            "iam_instance_profile": "",
            "id": "i-0c04af661ef634a59",
            "instance_initiated_shutdown_behavior": "stop",
            "instance_lifecycle": "",
            "instance_market_options": [],
            "instance_state": "running",
            "instance_type": "t3.micro",
            "ipv6_address_count": 0,
            "ipv6_addresses": [],
            "key_name": "poojikeypair",
            "launch_template": [],
            "maintenance_options": [
              {
                "auto_recovery": "default"
              }
            ],
            "metadata_options": [
              {
                "http_endpoint": "enabled",
                "http_protocol_ipv6": "disabled",
                "http_put_response_hop_limit": 2,
                "http_tokens": "required",
                "instance_metadata_tags": "disabled"
              }
            ],
            "monitoring": false,
            "network_interface": [],
            "outpost_arn": "",
            "password_data": "",
            "placement_group": "",
            "placement_group_id": "",
            "placement_partition_number": 0,
            "primary_network_interface": [
              {
                "delete_on_termination": true,
                "network_interface_id": "eni-052669551aad8550a"
              }
            ],
            "primary_network_interface_id": "eni-052669551aad8550a",
            "private_dns": "ip-10-0-0-25.ap-south-1.compute.internal",
            "private_dns_name_options": [
              {
                "enable_resource_name_dns_a_record": false,
                "enable_resource_name_dns_aaaa_record": false,
                "hostname_type": "ip-name"
              }
            ],
            "private_ip": "10.0.0.25",
            "public_dns": "",
            "public_ip": "",
            "region": "ap-south-1",
            "root_block_device": [
              {
                "delete_on_termination": true,
                "device_name": "/dev/xvda",
                "encrypted": false,
                "iops": 3000,
                "kms_key_id": "",
                "tags": {},
                "tags_all": {},
                "throughput": 125,
                "volume_id": "vol-02d9a538f97f12b9c",
                "volume_size": 8,
                "volume_type": "gp3"
              }
            ],
            "secondary_network_interface": [],
            "secondary_private_ips": [],
            "security_groups": [
              "sg-0738cbb911da5d0b7"
            ],
            "source_dest_check": true,
            "spot_instance_request_id": "",
            "subnet_id": "subnet-0cbab1e22193856ee",
            "tags": {
              "Name": "vpc-1-pri-server"
            },
            "tags_all": {
              "Name": "vpc-1-pri-server"
            },
            "tenancy": "default",
            "timeouts": null,
            "user_data": null,
            "user_data_base64": null,
            "user_data_replace_on_change": false,
            "volume_tags": null,
            "vpc_security_group_ids": [
              "sg-0738cbb911da5d0b7"
            ]
          },
          "sensitive_attributes": [],
          "identity_schema_version": 0,
          "identity": {
            "account_id": "601452824785",
            "id": "i-0c04af661ef634a59",
            "region": "ap-south-1"
          },
          "private": "eyJlMmJmYjczMC1lY2FhLTExZTYtOGY4OC0zNDM2M2JjN2M0YzAiOnsiY3JlYXRlIjo2MDAwMDAwMDAwMDAsImRlbGV0ZSI6MTIwMDAwMDAwMDAwMCwicmVhZCI6OTAwMDAwMDAwMDAwLCJ1cGRhdGUiOjYwMDAwMDAwMDAwMH0sInNjaGVtYV92ZXJzaW9uIjoiMiJ9",
          "dependencies": [
            "module.v1-module.aws_security_group.vpc-1-security-group",
            "module.v1-module.aws_subnet.vpc-1-pri-subnet-1",
            "module.v1-module.aws_vpc.vpc-1"
          ]
        }
      ]
    },
    {
      "module": "module.v1-module",
      "mode": "managed",
      "type": "aws_instance",
      "name": "vpc-1-pub-server",
      "provider": "module.v1-module.provider[\"registry.terraform.io/hashicorp/aws\"]",
      "instances": [
        {
          "schema_version": 2,
          "attributes": {
            "ami": "ami-0e38835daf6b8a2b9",
            "arn": "arn:aws:ec2:ap-south-1:601452824785:instance/i-0b406bef600111a13",
            "associate_public_ip_address": true,
            "availability_zone": "ap-south-1a",
            "capacity_reservation_specification": [
              {
                "capacity_reservation_preference": "open",
                "capacity_reservation_target": []
              }
            ],
            "cpu_options": [
              {
                "amd_sev_snp": "",
                "core_count": 1,
                "nested_virtualization": "",
                "threads_per_core": 2
              }
            ],
            "credit_specification": [
              {
                "cpu_credits": "unlimited"
              }
            ],
            "disable_api_stop": false,
            "disable_api_termination": false,
            "ebs_block_device": [],
            "ebs_optimized": false,
            "enable_primary_ipv6": null,
            "enclave_options": [
              {
                "enabled": false
              }
            ],
            "ephemeral_block_device": [],
            "force_destroy": false,
            "get_password_data": false,
            "hibernation": false,
            "host_id": "",
            "host_resource_group_arn": null,
            "iam_instance_profile": "",
            "id": "i-0b406bef600111a13",
            "instance_initiated_shutdown_behavior": "stop",
            "instance_lifecycle": "",
            "instance_market_options": [],
            "instance_state": "running",
            "instance_type": "t3.micro",
            "ipv6_address_count": 0,
            "ipv6_addresses": [],
            "key_name": "poojikeypair",
            "launch_template": [],
            "maintenance_options": [
              {
                "auto_recovery": "default"
              }
            ],
            "metadata_options": [
              {
                "http_endpoint": "enabled",
                "http_protocol_ipv6": "disabled",
                "http_put_response_hop_limit": 2,
                "http_tokens": "required",
                "instance_metadata_tags": "disabled"
              }
            ],
            "monitoring": false,
            "network_interface": [],
            "outpost_arn": "",
            "password_data": "",
            "placement_group": "",
            "placement_group_id": "",
            "placement_partition_number": 0,
            "primary_network_interface": [
              {
                "delete_on_termination": true,
                "network_interface_id": "eni-0440b4fbbbbe9ee5d"
              }
            ],
            "primary_network_interface_id": "eni-0440b4fbbbbe9ee5d",
            "private_dns": "ip-10-0-0-11.ap-south-1.compute.internal",
            "private_dns_name_options": [
              {
                "enable_resource_name_dns_a_record": false,
                "enable_resource_name_dns_aaaa_record": false,
                "hostname_type": "ip-name"
              }
            ],
            "private_ip": "10.0.0.11",
            "public_dns": "",
            "public_ip": "13.233.32.70",
            "region": "ap-south-1",
            "root_block_device": [
              {
                "delete_on_termination": true,
                "device_name": "/dev/xvda",
                "encrypted": false,
                "iops": 3000,
                "kms_key_id": "",
                "tags": {},
                "tags_all": {},
                "throughput": 125,
                "volume_id": "vol-0da36513edfa6650b",
                "volume_size": 8,
                "volume_type": "gp3"
              }
            ],
            "secondary_network_interface": [],
            "secondary_private_ips": [],
            "security_groups": [
              "sg-0738cbb911da5d0b7"
            ],
            "source_dest_check": true,
            "spot_instance_request_id": "",
            "subnet_id": "subnet-0e470fae3d94c76e4",
            "tags": {
              "Name": "vpc-1-pub-server"
            },
            "tags_all": {
              "Name": "vpc-1-pub-server"
            },
            "tenancy": "default",
            "timeouts": null,
            "user_data": null,
            "user_data_base64": null,
            "user_data_replace_on_change": false,
            "volume_tags": null,
            "vpc_security_group_ids": [
              "sg-0738cbb911da5d0b7"
            ]
          },
          "sensitive_attributes": [],
          "identity_schema_version": 0,
          "identity": {
            "account_id": "601452824785",
            "id": "i-0b406bef600111a13",
            "region": "ap-south-1"
          },
          "private": "eyJlMmJmYjczMC1lY2FhLTExZTYtOGY4OC0zNDM2M2JjN2M0YzAiOnsiY3JlYXRlIjo2MDAwMDAwMDAwMDAsImRlbGV0ZSI6MTIwMDAwMDAwMDAwMCwicmVhZCI6OTAwMDAwMDAwMDAwLCJ1cGRhdGUiOjYwMDAwMDAwMDAwMH0sInNjaGVtYV92ZXJzaW9uIjoiMiJ9",
          "dependencies": [
            "module.v1-module.aws_security_group.vpc-1-security-group",
            "module.v1-module.aws_subnet.vpc-1-pub-subnet-1",
            "module.v1-module.aws_vpc.vpc-1"
          ]
        }
      ]
    },
    {
      "module": "module.v1-module",
      "mode": "managed",
      "type": "aws_internet_gateway",
      "name": "vpc-1-igw",
      "provider": "module.v1-module.provider[\"registry.terraform.io/hashicorp/aws\"]",
      "instances": [
        {
          "schema_version": 0,
          "attributes": {
            "arn": "arn:aws:ec2:ap-south-1:601452824785:internet-gateway/igw-09dac60a762327ccc",
            "id": "igw-09dac60a762327ccc",
            "owner_id": "601452824785",
            "region": "ap-south-1",
            "tags": {
              "Name": "vpc-1-igw"
            },
            "tags_all": {
              "Name": "vpc-1-igw"
            },
            "timeouts": null,
            "vpc_id": "vpc-0a899b67e89bbfa63"
          },
          "sensitive_attributes": [],
          "identity_schema_version": 0,
          "identity": {
            "account_id": "601452824785",
            "id": "igw-09dac60a762327ccc",
            "region": "ap-south-1"
          },
          "private": "eyJlMmJmYjczMC1lY2FhLTExZTYtOGY4OC0zNDM2M2JjN2M0YzAiOnsiY3JlYXRlIjoxMjAwMDAwMDAwMDAwLCJkZWxldGUiOjEyMDAwMDAwMDAwMDAsInVwZGF0ZSI6MTIwMDAwMDAwMDAwMH19",
          "dependencies": [
            "module.v1-module.aws_vpc.vpc-1"
          ]
        }
      ]
    },
    {
      "module": "module.v1-module",
      "mode": "managed",
      "type": "aws_nat_gateway",
      "name": "vpc-1-ngw",
      "provider": "module.v1-module.provider[\"registry.terraform.io/hashicorp/aws\"]",
      "instances": [
        {
          "schema_version": 0,
          "attributes": {
            "allocation_id": "eipalloc-006fd6a864c62ffb7",
            "association_id": "eipassoc-0190b6a0ee987d9bb",
            "auto_provision_zones": null,
            "auto_scaling_ips": null,
            "availability_mode": "zonal",
            "availability_zone_address": [],
            "connectivity_type": "public",
            "id": "nat-04d4ea437389f84e6",
            "network_interface_id": "eni-0a16c2b2c4b0eb8af",
            "private_ip": "10.0.0.6",
            "public_ip": "13.232.90.41",
            "region": "ap-south-1",
            "regional_nat_gateway_address": [],
            "regional_nat_gateway_auto_mode": null,
            "route_table_id": null,
            "secondary_allocation_ids": [],
            "secondary_private_ip_address_count": 0,
            "secondary_private_ip_addresses": [],
            "subnet_id": "subnet-0e470fae3d94c76e4",
            "tags": {
              "Name": "vpc-1-ngw"
            },
            "tags_all": {
              "Name": "vpc-1-ngw"
            },
            "timeouts": null,
            "vpc_id": "vpc-0a899b67e89bbfa63"
          },
          "sensitive_attributes": [],
          "identity_schema_version": 0,
          "identity": {
            "account_id": "601452824785",
            "id": "nat-04d4ea437389f84e6",
            "region": "ap-south-1"
          },
          "private": "eyJlMmJmYjczMC1lY2FhLTExZTYtOGY4OC0zNDM2M2JjN2M0YzAiOnsiY3JlYXRlIjo2MDAwMDAwMDAwMDAsImRlbGV0ZSI6MTgwMDAwMDAwMDAwMCwidXBkYXRlIjo2MDAwMDAwMDAwMDB9fQ==",
          "dependencies": [
            "module.v1-module.aws_eip.nat-eip",
            "module.v1-module.aws_subnet.vpc-1-pub-subnet-1",
            "module.v1-module.aws_vpc.vpc-1"
          ]
        }
      ]
    },
    {
      "module": "module.v1-module",
      "mode": "managed",
      "type": "aws_route_table",
      "name": "vpc-1-pri-route-table",
      "provider": "module.v1-module.provider[\"registry.terraform.io/hashicorp/aws\"]",
      "instances": [
        {
          "schema_version": 0,
          "attributes": {
            "arn": "arn:aws:ec2:ap-south-1:601452824785:route-table/rtb-0c08d599520b348f1",
            "id": "rtb-0c08d599520b348f1",
            "owner_id": "601452824785",
            "propagating_vgws": [],
            "region": "ap-south-1",
            "route": [
              {
                "carrier_gateway_id": "",
                "cidr_block": "0.0.0.0/0",
                "core_network_arn": "",
                "destination_prefix_list_id": "",
                "egress_only_gateway_id": "",
                "gateway_id": "nat-04d4ea437389f84e6",
                "ipv6_cidr_block": "",
                "local_gateway_id": "",
                "nat_gateway_id": "",
                "network_interface_id": "",
                "odb_network_arn": "",
                "transit_gateway_id": "",
                "vpc_endpoint_id": "",
                "vpc_peering_connection_id": ""
              }
            ],
            "tags": {
              "Name": "vpc-1-pri-route-table"
            },
            "tags_all": {
              "Name": "vpc-1-pri-route-table"
            },
            "timeouts": null,
            "vpc_id": "vpc-0a899b67e89bbfa63"
          },
          "sensitive_attributes": [],
          "identity_schema_version": 0,
          "identity": {
            "account_id": "601452824785",
            "id": "rtb-0c08d599520b348f1",
            "region": "ap-south-1"
          },
          "private": "eyJlMmJmYjczMC1lY2FhLTExZTYtOGY4OC0zNDM2M2JjN2M0YzAiOnsiY3JlYXRlIjozMDAwMDAwMDAwMDAsImRlbGV0ZSI6MzAwMDAwMDAwMDAwLCJ1cGRhdGUiOjEyMDAwMDAwMDAwMH19",
          "dependencies": [
            "module.v1-module.aws_eip.nat-eip",
            "module.v1-module.aws_nat_gateway.vpc-1-ngw",
            "module.v1-module.aws_subnet.vpc-1-pub-subnet-1",
            "module.v1-module.aws_vpc.vpc-1"
          ]
        }
      ]
    },
    {
      "module": "module.v1-module",
      "mode": "managed",
      "type": "aws_route_table",
      "name": "vpc-1-pub-route-table",
      "provider": "module.v1-module.provider[\"registry.terraform.io/hashicorp/aws\"]",
      "instances": [
        {
          "schema_version": 0,
          "attributes": {
            "arn": "arn:aws:ec2:ap-south-1:601452824785:route-table/rtb-0552998b5e393291d",
            "id": "rtb-0552998b5e393291d",
            "owner_id": "601452824785",
            "propagating_vgws": [],
            "region": "ap-south-1",
            "route": [
              {
                "carrier_gateway_id": "",
                "cidr_block": "0.0.0.0/0",
                "core_network_arn": "",
                "destination_prefix_list_id": "",
                "egress_only_gateway_id": "",
                "gateway_id": "igw-09dac60a762327ccc",
                "ipv6_cidr_block": "",
                "local_gateway_id": "",
                "nat_gateway_id": "",
                "network_interface_id": "",
                "odb_network_arn": "",
                "transit_gateway_id": "",
                "vpc_endpoint_id": "",
                "vpc_peering_connection_id": ""
              }
            ],
            "tags": {
              "Name": "vpc-1-pub-route-table"
            },
            "tags_all": {
              "Name": "vpc-1-pub-route-table"
            },
            "timeouts": null,
            "vpc_id": "vpc-0a899b67e89bbfa63"
          },
          "sensitive_attributes": [],
          "identity_schema_version": 0,
          "identity": {
            "account_id": "601452824785",
            "id": "rtb-0552998b5e393291d",
            "region": "ap-south-1"
          },
          "private": "eyJlMmJmYjczMC1lY2FhLTExZTYtOGY4OC0zNDM2M2JjN2M0YzAiOnsiY3JlYXRlIjozMDAwMDAwMDAwMDAsImRlbGV0ZSI6MzAwMDAwMDAwMDAwLCJ1cGRhdGUiOjEyMDAwMDAwMDAwMH19",
          "dependencies": [
            "module.v1-module.aws_internet_gateway.vpc-1-igw",
            "module.v1-module.aws_vpc.vpc-1"
          ]
        }
      ]
    },
    {
      "module": "module.v1-module",
      "mode": "managed",
      "type": "aws_route_table_association",
      "name": "vpc-1-pri-rt-association",
      "provider": "module.v1-module.provider[\"registry.terraform.io/hashicorp/aws\"]",
      "instances": [
        {
          "index_key": "subnet-1",
          "schema_version": 0,
          "attributes": {
            "gateway_id": "",
            "id": "rtbassoc-07ae588ca0a806f1f",
            "region": "ap-south-1",
            "route_table_id": "rtb-0c08d599520b348f1",
            "subnet_id": "subnet-0cbab1e22193856ee",
            "timeouts": null
          },
          "sensitive_attributes": [],
          "identity_schema_version": 0,
          "identity": {
            "account_id": "601452824785",
            "id": "rtbassoc-07ae588ca0a806f1f",
            "region": "ap-south-1"
          },
          "private": "eyJlMmJmYjczMC1lY2FhLTExZTYtOGY4OC0zNDM2M2JjN2M0YzAiOnsiY3JlYXRlIjozMDAwMDAwMDAwMDAsImRlbGV0ZSI6MzAwMDAwMDAwMDAwLCJ1cGRhdGUiOjEyMDAwMDAwMDAwMH19",
          "dependencies": [
            "module.v1-module.aws_eip.nat-eip",
            "module.v1-module.aws_nat_gateway.vpc-1-ngw",
            "module.v1-module.aws_route_table.vpc-1-pri-route-table",
            "module.v1-module.aws_subnet.vpc-1-pri-subnet-1",
            "module.v1-module.aws_subnet.vpc-1-pub-subnet-1",
            "module.v1-module.aws_vpc.vpc-1"
          ]
        }
      ]
    },
    {
      "module": "module.v1-module",
      "mode": "managed",
      "type": "aws_route_table_association",
      "name": "vpc-1-pub-rt-association",
      "provider": "module.v1-module.provider[\"registry.terraform.io/hashicorp/aws\"]",
      "instances": [
        {
          "index_key": "subnet-1",
          "schema_version": 0,
          "attributes": {
            "gateway_id": "",
            "id": "rtbassoc-01a6eb26ffee5d064",
            "region": "ap-south-1",
            "route_table_id": "rtb-0552998b5e393291d",
            "subnet_id": "subnet-0e470fae3d94c76e4",
            "timeouts": null
          },
          "sensitive_attributes": [],
          "identity_schema_version": 0,
          "identity": {
            "account_id": "601452824785",
            "id": "rtbassoc-01a6eb26ffee5d064",
            "region": "ap-south-1"
          },
          "private": "eyJlMmJmYjczMC1lY2FhLTExZTYtOGY4OC0zNDM2M2JjN2M0YzAiOnsiY3JlYXRlIjozMDAwMDAwMDAwMDAsImRlbGV0ZSI6MzAwMDAwMDAwMDAwLCJ1cGRhdGUiOjEyMDAwMDAwMDAwMH19",
          "dependencies": [
            "module.v1-module.aws_internet_gateway.vpc-1-igw",
            "module.v1-module.aws_route_table.vpc-1-pub-route-table",
            "module.v1-module.aws_subnet.vpc-1-pub-subnet-1",
            "module.v1-module.aws_vpc.vpc-1"
          ]
        }
      ]
    },
    {
      "module": "module.v1-module",
      "mode": "managed",
      "type": "aws_security_group",
      "name": "vpc-1-security-group",
      "provider": "module.v1-module.provider[\"registry.terraform.io/hashicorp/aws\"]",
      "instances": [
        {
          "schema_version": 1,
          "attributes": {
            "arn": "arn:aws:ec2:ap-south-1:601452824785:security-group/sg-0738cbb911da5d0b7",
            "description": "Managed by Terraform",
            "egress": [
              {
                "cidr_blocks": [
                  "0.0.0.0/0"
                ],
                "description": "",
                "from_port": 0,
                "ipv6_cidr_blocks": [],
                "prefix_list_ids": [],
                "protocol": "-1",
                "security_groups": [],
                "self": false,
                "to_port": 0
              }
            ],
            "id": "sg-0738cbb911da5d0b7",
            "ingress": [
              {
                "cidr_blocks": [
                  "0.0.0.0/0"
                ],
                "description": "",
                "from_port": 22,
                "ipv6_cidr_blocks": [],
                "prefix_list_ids": [],
                "protocol": "tcp",
                "security_groups": [],
                "self": false,
                "to_port": 22
              },
              {
                "cidr_blocks": [
                  "0.0.0.0/0"
                ],
                "description": "",
                "from_port": 443,
                "ipv6_cidr_blocks": [],
                "prefix_list_ids": [],
                "protocol": "tcp",
                "security_groups": [],
                "self": false,
                "to_port": 443
              },
              {
                "cidr_blocks": [
                  "0.0.0.0/0"
                ],
                "description": "",
                "from_port": 80,
                "ipv6_cidr_blocks": [],
                "prefix_list_ids": [],
                "protocol": "tcp",
                "security_groups": [],
                "self": false,
                "to_port": 80
              }
            ],
            "name": "terraform-20260616073250557800000001",
            "name_prefix": "terraform-",
            "owner_id": "601452824785",
            "region": "ap-south-1",
            "revoke_rules_on_delete": false,
            "tags": {
              "Name": "vpc-1-security-group"
            },
            "tags_all": {
              "Name": "vpc-1-security-group"
            },
            "timeouts": null,
            "vpc_id": "vpc-0a899b67e89bbfa63"
          },
          "sensitive_attributes": [],
          "identity_schema_version": 0,
          "identity": {
            "account_id": "601452824785",
            "id": "sg-0738cbb911da5d0b7",
            "region": "ap-south-1"
          },
          "private": "eyJlMmJmYjczMC1lY2FhLTExZTYtOGY4OC0zNDM2M2JjN2M0YzAiOnsiY3JlYXRlIjo2MDAwMDAwMDAwMDAsImRlbGV0ZSI6OTAwMDAwMDAwMDAwfSwic2NoZW1hX3ZlcnNpb24iOiIxIn0=",
          "dependencies": [
            "module.v1-module.aws_vpc.vpc-1"
          ]
        }
      ]
    },
    {
      "module": "module.v1-module",
      "mode": "managed",
      "type": "aws_subnet",
      "name": "vpc-1-pri-subnet-1",
      "provider": "module.v1-module.provider[\"registry.terraform.io/hashicorp/aws\"]",
      "instances": [
        {
          "schema_version": 1,
          "attributes": {
            "arn": "arn:aws:ec2:ap-south-1:601452824785:subnet/subnet-0cbab1e22193856ee",
            "assign_ipv6_address_on_creation": false,
            "availability_zone": "ap-south-1b",
            "availability_zone_id": "aps1-az3",
            "cidr_block": "10.0.0.16/28",
            "customer_owned_ipv4_pool": "",
            "enable_dns64": false,
            "enable_lni_at_device_index": 0,
            "enable_resource_name_dns_a_record_on_launch": false,
            "enable_resource_name_dns_aaaa_record_on_launch": false,
            "id": "subnet-0cbab1e22193856ee",
            "ipv4_ipam_pool_id": null,
            "ipv4_netmask_length": null,
            "ipv6_cidr_block": "",
            "ipv6_cidr_block_association_id": "",
            "ipv6_ipam_pool_id": null,
            "ipv6_native": false,
            "ipv6_netmask_length": null,
            "map_customer_owned_ip_on_launch": false,
            "map_public_ip_on_launch": false,
            "outpost_arn": "",
            "owner_id": "601452824785",
            "private_dns_hostname_type_on_launch": "ip-name",
            "region": "ap-south-1",
            "tags": {
              "Name": "vpc-1-pri-subnet-1"
            },
            "tags_all": {
              "Name": "vpc-1-pri-subnet-1"
            },
            "timeouts": null,
            "vpc_id": "vpc-0a899b67e89bbfa63"
          },
          "sensitive_attributes": [],
          "identity_schema_version": 0,
          "identity": {
            "account_id": "601452824785",
            "id": "subnet-0cbab1e22193856ee",
            "region": "ap-south-1"
          },
          "private": "eyJlMmJmYjczMC1lY2FhLTExZTYtOGY4OC0zNDM2M2JjN2M0YzAiOnsiY3JlYXRlIjo2MDAwMDAwMDAwMDAsImRlbGV0ZSI6MTIwMDAwMDAwMDAwMH0sInNjaGVtYV92ZXJzaW9uIjoiMSJ9",
          "dependencies": [
            "module.v1-module.aws_vpc.vpc-1"
          ]
        }
      ]
    },
    {
      "module": "module.v1-module",
      "mode": "managed",
      "type": "aws_subnet",
      "name": "vpc-1-pub-subnet-1",
      "provider": "module.v1-module.provider[\"registry.terraform.io/hashicorp/aws\"]",
      "instances": [
        {
          "schema_version": 1,
          "attributes": {
            "arn": "arn:aws:ec2:ap-south-1:601452824785:subnet/subnet-0e470fae3d94c76e4",
            "assign_ipv6_address_on_creation": false,
            "availability_zone": "ap-south-1a",
            "availability_zone_id": "aps1-az1",
            "cidr_block": "10.0.0.0/28",
            "customer_owned_ipv4_pool": "",
            "enable_dns64": false,
            "enable_lni_at_device_index": 0,
            "enable_resource_name_dns_a_record_on_launch": false,
            "enable_resource_name_dns_aaaa_record_on_launch": false,
            "id": "subnet-0e470fae3d94c76e4",
            "ipv4_ipam_pool_id": null,
            "ipv4_netmask_length": null,
            "ipv6_cidr_block": "",
            "ipv6_cidr_block_association_id": "",
            "ipv6_ipam_pool_id": null,
            "ipv6_native": false,
            "ipv6_netmask_length": null,
            "map_customer_owned_ip_on_launch": false,
            "map_public_ip_on_launch": false,
            "outpost_arn": "",
            "owner_id": "601452824785",
            "private_dns_hostname_type_on_launch": "ip-name",
            "region": "ap-south-1",
            "tags": {
              "Name": "vpc-1-pub-subnet-1"
            },
            "tags_all": {
              "Name": "vpc-1-pub-subnet-1"
            },
            "timeouts": null,
            "vpc_id": "vpc-0a899b67e89bbfa63"
          },
          "sensitive_attributes": [],
          "identity_schema_version": 0,
          "identity": {
            "account_id": "601452824785",
            "id": "subnet-0e470fae3d94c76e4",
            "region": "ap-south-1"
          },
          "private": "eyJlMmJmYjczMC1lY2FhLTExZTYtOGY4OC0zNDM2M2JjN2M0YzAiOnsiY3JlYXRlIjo2MDAwMDAwMDAwMDAsImRlbGV0ZSI6MTIwMDAwMDAwMDAwMH0sInNjaGVtYV92ZXJzaW9uIjoiMSJ9",
          "dependencies": [
            "module.v1-module.aws_vpc.vpc-1"
          ]
        }
      ]
    },
    {
      "module": "module.v1-module",
      "mode": "managed",
      "type": "aws_vpc",
      "name": "vpc-1",
      "provider": "module.v1-module.provider[\"registry.terraform.io/hashicorp/aws\"]",
      "instances": [
        {
          "schema_version": 1,
          "attributes": {
            "arn": "arn:aws:ec2:ap-south-1:601452824785:vpc/vpc-0a899b67e89bbfa63",
            "assign_generated_ipv6_cidr_block": false,
            "cidr_block": "10.0.0.0/16",
            "default_network_acl_id": "acl-0ccf735022f819d09",
            "default_route_table_id": "rtb-0ca1d1489cc4b00cf",
            "default_security_group_id": "sg-02323452d0d4c8ffe",
            "dhcp_options_id": "dopt-00e1d9ee407cb9daf",
            "enable_dns_hostnames": false,
            "enable_dns_support": true,
            "enable_network_address_usage_metrics": false,
            "id": "vpc-0a899b67e89bbfa63",
            "instance_tenancy": "default",
            "ipv4_ipam_pool_id": null,
            "ipv4_netmask_length": null,
            "ipv6_association_id": "",
            "ipv6_cidr_block": "",
            "ipv6_cidr_block_network_border_group": "",
            "ipv6_ipam_pool_id": "",
            "ipv6_netmask_length": 0,
            "main_route_table_id": "rtb-0ca1d1489cc4b00cf",
            "owner_id": "601452824785",
            "region": "ap-south-1",
            "tags": {
              "Name": "vpc-1"
            },
            "tags_all": {
              "Name": "vpc-1"
            }
          },
          "sensitive_attributes": [],
          "identity_schema_version": 0,
          "identity": {
            "account_id": "601452824785",
            "id": "vpc-0a899b67e89bbfa63",
            "region": "ap-south-1"
          },
          "private": "eyJzY2hlbWFfdmVyc2lvbiI6IjEifQ=="
        }
      ]
    },
    {
      "module": "module.v2-module",
      "mode": "managed",
      "type": "aws_eip",
      "name": "nat-eip",
      "provider": "module.v2-module.provider[\"registry.terraform.io/hashicorp/aws\"]",
      "instances": [
        {
          "schema_version": 0,
          "attributes": {
            "address": null,
            "allocation_id": "eipalloc-03812bb2c30d3cf56",
            "arn": "arn:aws:ec2:ap-south-1:601452824785:elastic-ip/eipalloc-03812bb2c30d3cf56",
            "associate_with_private_ip": null,
            "association_id": "",
            "carrier_ip": "",
            "customer_owned_ip": "",
            "customer_owned_ipv4_pool": "",
            "domain": "vpc",
            "id": "eipalloc-03812bb2c30d3cf56",
            "instance": "",
            "ipam_pool_id": "",
            "network_border_group": "ap-south-1",
            "network_interface": "",
            "private_dns": "",
            "private_ip": "",
            "ptr_record": "",
            "public_dns": "ec2-13-203-180-137.ap-south-1.compute.amazonaws.com",
            "public_ip": "13.203.180.137",
            "public_ipv4_pool": "amazon",
            "region": "ap-south-1",
            "tags": null,
            "tags_all": {},
            "timeouts": null
          },
          "sensitive_attributes": [],
          "identity_schema_version": 0,
          "identity": {
            "account_id": "601452824785",
            "id": "eipalloc-03812bb2c30d3cf56",
            "region": "ap-south-1"
          },
          "private": "eyJlMmJmYjczMC1lY2FhLTExZTYtOGY4OC0zNDM2M2JjN2M0YzAiOnsiZGVsZXRlIjoxODAwMDAwMDAwMDAsInJlYWQiOjkwMDAwMDAwMDAwMCwidXBkYXRlIjozMDAwMDAwMDAwMDB9fQ=="
        }
      ]
    },
    {
      "module": "module.v2-module",
      "mode": "managed",
      "type": "aws_instance",
      "name": "vpc-2-pri-server",
      "provider": "module.v2-module.provider[\"registry.terraform.io/hashicorp/aws\"]",
      "instances": [
        {
          "schema_version": 2,
          "attributes": {
            "ami": "ami-0e38835daf6b8a2b9",
            "arn": "arn:aws:ec2:ap-south-1:601452824785:instance/i-05fa6e5ea482d5ab4",
            "associate_public_ip_address": false,
            "availability_zone": "ap-south-1b",
            "capacity_reservation_specification": [
              {
                "capacity_reservation_preference": "open",
                "capacity_reservation_target": []
              }
            ],
            "cpu_options": [
              {
                "amd_sev_snp": "",
                "core_count": 1,
                "nested_virtualization": "",
                "threads_per_core": 2
              }
            ],
            "credit_specification": [
              {
                "cpu_credits": "unlimited"
              }
            ],
            "disable_api_stop": false,
            "disable_api_termination": false,
            "ebs_block_device": [],
            "ebs_optimized": false,
            "enable_primary_ipv6": null,
            "enclave_options": [
              {
                "enabled": false
              }
            ],
            "ephemeral_block_device": [],
            "force_destroy": false,
            "get_password_data": false,
            "hibernation": false,
            "host_id": "",
            "host_resource_group_arn": null,
            "iam_instance_profile": "",
            "id": "i-05fa6e5ea482d5ab4",
            "instance_initiated_shutdown_behavior": "stop",
            "instance_lifecycle": "",
            "instance_market_options": [],
            "instance_state": "running",
            "instance_type": "t3.micro",
            "ipv6_address_count": 0,
            "ipv6_addresses": [],
            "key_name": "poojikeypair",
            "launch_template": [],
            "maintenance_options": [
              {
                "auto_recovery": "default"
              }
            ],
            "metadata_options": [
              {
                "http_endpoint": "enabled",
                "http_protocol_ipv6": "disabled",
                "http_put_response_hop_limit": 2,
                "http_tokens": "required",
                "instance_metadata_tags": "disabled"
              }
            ],
            "monitoring": false,
            "network_interface": [],
            "outpost_arn": "",
            "password_data": "",
            "placement_group": "",
            "placement_group_id": "",
            "placement_partition_number": 0,
            "primary_network_interface": [
              {
                "delete_on_termination": true,
                "network_interface_id": "eni-0f0db2f6a74b0008d"
              }
            ],
            "primary_network_interface_id": "eni-0f0db2f6a74b0008d",
            "private_dns": "ip-11-0-0-28.ap-south-1.compute.internal",
            "private_dns_name_options": [
              {
                "enable_resource_name_dns_a_record": false,
                "enable_resource_name_dns_aaaa_record": false,
                "hostname_type": "ip-name"
              }
            ],
            "private_ip": "11.0.0.28",
            "public_dns": "",
            "public_ip": "",
            "region": "ap-south-1",
            "root_block_device": [
              {
                "delete_on_termination": true,
                "device_name": "/dev/xvda",
                "encrypted": false,
                "iops": 3000,
                "kms_key_id": "",
                "tags": {},
                "tags_all": {},
                "throughput": 125,
                "volume_id": "vol-09a7a9d849bb57d1f",
                "volume_size": 8,
                "volume_type": "gp3"
              }
            ],
            "secondary_network_interface": [],
            "secondary_private_ips": [],
            "security_groups": [
              "sg-05eaccb13d5c8b437"
            ],
            "source_dest_check": true,
            "spot_instance_request_id": "",
            "subnet_id": "subnet-0c07470e55ff13ec3",
            "tags": {
              "Name": "vpc-2-pri-server"
            },
            "tags_all": {
              "Name": "vpc-2-pri-server"
            },
            "tenancy": "default",
            "timeouts": null,
            "user_data": null,
            "user_data_base64": null,
            "user_data_replace_on_change": false,
            "volume_tags": null,
            "vpc_security_group_ids": [
              "sg-05eaccb13d5c8b437"
            ]
          },
          "sensitive_attributes": [],
          "identity_schema_version": 0,
          "identity": {
            "account_id": "601452824785",
            "id": "i-05fa6e5ea482d5ab4",
            "region": "ap-south-1"
          },
          "private": "eyJlMmJmYjczMC1lY2FhLTExZTYtOGY4OC0zNDM2M2JjN2M0YzAiOnsiY3JlYXRlIjo2MDAwMDAwMDAwMDAsImRlbGV0ZSI6MTIwMDAwMDAwMDAwMCwicmVhZCI6OTAwMDAwMDAwMDAwLCJ1cGRhdGUiOjYwMDAwMDAwMDAwMH0sInNjaGVtYV92ZXJzaW9uIjoiMiJ9",
          "dependencies": [
            "module.v2-module.aws_security_group.vpc-2-security-group",
            "module.v2-module.aws_subnet.vpc-2-pri-subnet-1",
            "module.v2-module.aws_vpc.vpc-2"
          ]
        }
      ]
    },
    {
      "module": "module.v2-module",
      "mode": "managed",
      "type": "aws_instance",
      "name": "vpc-2-pub-server",
      "provider": "module.v2-module.provider[\"registry.terraform.io/hashicorp/aws\"]",
      "instances": [
        {
          "schema_version": 2,
          "attributes": {
            "ami": "ami-0e38835daf6b8a2b9",
            "arn": "arn:aws:ec2:ap-south-1:601452824785:instance/i-0e193233a793bb9c4",
            "associate_public_ip_address": true,
            "availability_zone": "ap-south-1a",
            "capacity_reservation_specification": [
              {
                "capacity_reservation_preference": "open",
                "capacity_reservation_target": []
              }
            ],
            "cpu_options": [
              {
                "amd_sev_snp": "",
                "core_count": 1,
                "nested_virtualization": "",
                "threads_per_core": 2
              }
            ],
            "credit_specification": [
              {
                "cpu_credits": "unlimited"
              }
            ],
            "disable_api_stop": false,
            "disable_api_termination": false,
            "ebs_block_device": [],
            "ebs_optimized": false,
            "enable_primary_ipv6": null,
            "enclave_options": [
              {
                "enabled": false
              }
            ],
            "ephemeral_block_device": [],
            "force_destroy": false,
            "get_password_data": false,
            "hibernation": false,
            "host_id": "",
            "host_resource_group_arn": null,
            "iam_instance_profile": "",
            "id": "i-0e193233a793bb9c4",
            "instance_initiated_shutdown_behavior": "stop",
            "instance_lifecycle": "",
            "instance_market_options": [],
            "instance_state": "running",
            "instance_type": "t3.micro",
            "ipv6_address_count": 0,
            "ipv6_addresses": [],
            "key_name": "poojikeypair",
            "launch_template": [],
            "maintenance_options": [
              {
                "auto_recovery": "default"
              }
            ],
            "metadata_options": [
              {
                "http_endpoint": "enabled",
                "http_protocol_ipv6": "disabled",
                "http_put_response_hop_limit": 2,
                "http_tokens": "required",
                "instance_metadata_tags": "disabled"
              }
            ],
            "monitoring": false,
            "network_interface": [],
            "outpost_arn": "",
            "password_data": "",
            "placement_group": "",
            "placement_group_id": "",
            "placement_partition_number": 0,
            "primary_network_interface": [
              {
                "delete_on_termination": true,
                "network_interface_id": "eni-0a0f209ab7df32347"
              }
            ],
            "primary_network_interface_id": "eni-0a0f209ab7df32347",
            "private_dns": "ip-11-0-0-8.ap-south-1.compute.internal",
            "private_dns_name_options": [
              {
                "enable_resource_name_dns_a_record": false,
                "enable_resource_name_dns_aaaa_record": false,
                "hostname_type": "ip-name"
              }
            ],
            "private_ip": "11.0.0.8",
            "public_dns": "",
            "public_ip": "65.2.128.90",
            "region": "ap-south-1",
            "root_block_device": [
              {
                "delete_on_termination": true,
                "device_name": "/dev/xvda",
                "encrypted": false,
                "iops": 3000,
                "kms_key_id": "",
                "tags": {},
                "tags_all": {},
                "throughput": 125,
                "volume_id": "vol-00f5335215f740cc6",
                "volume_size": 8,
                "volume_type": "gp3"
              }
            ],
            "secondary_network_interface": [],
            "secondary_private_ips": [],
            "security_groups": [
              "sg-05eaccb13d5c8b437"
            ],
            "source_dest_check": true,
            "spot_instance_request_id": "",
            "subnet_id": "subnet-08b64f2732f1918a1",
            "tags": {
              "Name": "vpc-2-pub-server"
            },
            "tags_all": {
              "Name": "vpc-2-pub-server"
            },
            "tenancy": "default",
            "timeouts": null,
            "user_data": null,
            "user_data_base64": null,
            "user_data_replace_on_change": false,
            "volume_tags": null,
            "vpc_security_group_ids": [
              "sg-05eaccb13d5c8b437"
            ]
          },
          "sensitive_attributes": [],
          "identity_schema_version": 0,
          "identity": {
            "account_id": "601452824785",
            "id": "i-0e193233a793bb9c4",
            "region": "ap-south-1"
          },
          "private": "eyJlMmJmYjczMC1lY2FhLTExZTYtOGY4OC0zNDM2M2JjN2M0YzAiOnsiY3JlYXRlIjo2MDAwMDAwMDAwMDAsImRlbGV0ZSI6MTIwMDAwMDAwMDAwMCwicmVhZCI6OTAwMDAwMDAwMDAwLCJ1cGRhdGUiOjYwMDAwMDAwMDAwMH0sInNjaGVtYV92ZXJzaW9uIjoiMiJ9",
          "dependencies": [
            "module.v2-module.aws_security_group.vpc-2-security-group",
            "module.v2-module.aws_subnet.vpc-2-pub-subnet-1",
            "module.v2-module.aws_vpc.vpc-2"
          ]
        }
      ]
    },
    {
      "module": "module.v2-module",
      "mode": "managed",
      "type": "aws_internet_gateway",
      "name": "vpc-2-igw",
      "provider": "module.v2-module.provider[\"registry.terraform.io/hashicorp/aws\"]",
      "instances": [
        {
          "schema_version": 0,
          "attributes": {
            "arn": "arn:aws:ec2:ap-south-1:601452824785:internet-gateway/igw-04a40778b21655ebb",
            "id": "igw-04a40778b21655ebb",
            "owner_id": "601452824785",
            "region": "ap-south-1",
            "tags": {
              "Name": "vpc-2-igw"
            },
            "tags_all": {
              "Name": "vpc-2-igw"
            },
            "timeouts": null,
            "vpc_id": "vpc-01633fa191645c405"
          },
          "sensitive_attributes": [],
          "identity_schema_version": 0,
          "identity": {
            "account_id": "601452824785",
            "id": "igw-04a40778b21655ebb",
            "region": "ap-south-1"
          },
          "private": "eyJlMmJmYjczMC1lY2FhLTExZTYtOGY4OC0zNDM2M2JjN2M0YzAiOnsiY3JlYXRlIjoxMjAwMDAwMDAwMDAwLCJkZWxldGUiOjEyMDAwMDAwMDAwMDAsInVwZGF0ZSI6MTIwMDAwMDAwMDAwMH19",
          "dependencies": [
            "module.v2-module.aws_vpc.vpc-2"
          ]
        }
      ]
    },
    {
      "module": "module.v2-module",
      "mode": "managed",
      "type": "aws_nat_gateway",
      "name": "vpc-2-ngw",
      "provider": "module.v2-module.provider[\"registry.terraform.io/hashicorp/aws\"]",
      "instances": [
        {
          "schema_version": 0,
          "attributes": {
            "allocation_id": "eipalloc-03812bb2c30d3cf56",
            "association_id": "eipassoc-083b2d2ea96f8c94b",
            "auto_provision_zones": null,
            "auto_scaling_ips": null,
            "availability_mode": "zonal",
            "availability_zone_address": [],
            "connectivity_type": "public",
            "id": "nat-0516ed8efd5d05422",
            "network_interface_id": "eni-013c8e0619b572861",
            "private_ip": "11.0.0.7",
            "public_ip": "13.203.180.137",
            "region": "ap-south-1",
            "regional_nat_gateway_address": [],
            "regional_nat_gateway_auto_mode": null,
            "route_table_id": null,
            "secondary_allocation_ids": [],
            "secondary_private_ip_address_count": 0,
            "secondary_private_ip_addresses": [],
            "subnet_id": "subnet-08b64f2732f1918a1",
            "tags": {
              "Name": "vpc-2-ngw"
            },
            "tags_all": {
              "Name": "vpc-2-ngw"
            },
            "timeouts": null,
            "vpc_id": "vpc-01633fa191645c405"
          },
          "sensitive_attributes": [],
          "identity_schema_version": 0,
          "identity": {
            "account_id": "601452824785",
            "id": "nat-0516ed8efd5d05422",
            "region": "ap-south-1"
          },
          "private": "eyJlMmJmYjczMC1lY2FhLTExZTYtOGY4OC0zNDM2M2JjN2M0YzAiOnsiY3JlYXRlIjo2MDAwMDAwMDAwMDAsImRlbGV0ZSI6MTgwMDAwMDAwMDAwMCwidXBkYXRlIjo2MDAwMDAwMDAwMDB9fQ==",
          "dependencies": [
            "module.v2-module.aws_eip.nat-eip",
            "module.v2-module.aws_subnet.vpc-2-pub-subnet-1",
            "module.v2-module.aws_vpc.vpc-2"
          ]
        }
      ]
    },
    {
      "module": "module.v2-module",
      "mode": "managed",
      "type": "aws_route_table",
      "name": "vpc-2-pri-route-table",
      "provider": "module.v2-module.provider[\"registry.terraform.io/hashicorp/aws\"]",
      "instances": [
        {
          "schema_version": 0,
          "attributes": {
            "arn": "arn:aws:ec2:ap-south-1:601452824785:route-table/rtb-0c6a1386e85ba37f8",
            "id": "rtb-0c6a1386e85ba37f8",
            "owner_id": "601452824785",
            "propagating_vgws": [],
            "region": "ap-south-1",
            "route": [
              {
                "carrier_gateway_id": "",
                "cidr_block": "0.0.0.0/0",
                "core_network_arn": "",
                "destination_prefix_list_id": "",
                "egress_only_gateway_id": "",
                "gateway_id": "nat-0516ed8efd5d05422",
                "ipv6_cidr_block": "",
                "local_gateway_id": "",
                "nat_gateway_id": "",
                "network_interface_id": "",
                "odb_network_arn": "",
                "transit_gateway_id": "",
                "vpc_endpoint_id": "",
                "vpc_peering_connection_id": ""
              }
            ],
            "tags": {
              "Name": "vpc-2-pri-route-table"
            },
            "tags_all": {
              "Name": "vpc-2-pri-route-table"
            },
            "timeouts": null,
            "vpc_id": "vpc-01633fa191645c405"
          },
          "sensitive_attributes": [],
          "identity_schema_version": 0,
          "identity": {
            "account_id": "601452824785",
            "id": "rtb-0c6a1386e85ba37f8",
            "region": "ap-south-1"
          },
          "private": "eyJlMmJmYjczMC1lY2FhLTExZTYtOGY4OC0zNDM2M2JjN2M0YzAiOnsiY3JlYXRlIjozMDAwMDAwMDAwMDAsImRlbGV0ZSI6MzAwMDAwMDAwMDAwLCJ1cGRhdGUiOjEyMDAwMDAwMDAwMH19",
          "dependencies": [
            "module.v2-module.aws_eip.nat-eip",
            "module.v2-module.aws_nat_gateway.vpc-2-ngw",
            "module.v2-module.aws_subnet.vpc-2-pub-subnet-1",
            "module.v2-module.aws_vpc.vpc-2"
          ]
        }
      ]
    },
    {
      "module": "module.v2-module",
      "mode": "managed",
      "type": "aws_route_table",
      "name": "vpc-2-pub-route-table",
      "provider": "module.v2-module.provider[\"registry.terraform.io/hashicorp/aws\"]",
      "instances": [
        {
          "schema_version": 0,
          "attributes": {
            "arn": "arn:aws:ec2:ap-south-1:601452824785:route-table/rtb-0f7337855d3bdac56",
            "id": "rtb-0f7337855d3bdac56",
            "owner_id": "601452824785",
            "propagating_vgws": [],
            "region": "ap-south-1",
            "route": [
              {
                "carrier_gateway_id": "",
                "cidr_block": "0.0.0.0/0",
                "core_network_arn": "",
                "destination_prefix_list_id": "",
                "egress_only_gateway_id": "",
                "gateway_id": "igw-04a40778b21655ebb",
                "ipv6_cidr_block": "",
                "local_gateway_id": "",
                "nat_gateway_id": "",
                "network_interface_id": "",
                "odb_network_arn": "",
                "transit_gateway_id": "",
                "vpc_endpoint_id": "",
                "vpc_peering_connection_id": ""
              }
            ],
            "tags": {
              "Name": "vpc-2-pub-route-table"
            },
            "tags_all": {
              "Name": "vpc-2-pub-route-table"
            },
            "timeouts": null,
            "vpc_id": "vpc-01633fa191645c405"
          },
          "sensitive_attributes": [],
          "identity_schema_version": 0,
          "identity": {
            "account_id": "601452824785",
            "id": "rtb-0f7337855d3bdac56",
            "region": "ap-south-1"
          },
          "private": "eyJlMmJmYjczMC1lY2FhLTExZTYtOGY4OC0zNDM2M2JjN2M0YzAiOnsiY3JlYXRlIjozMDAwMDAwMDAwMDAsImRlbGV0ZSI6MzAwMDAwMDAwMDAwLCJ1cGRhdGUiOjEyMDAwMDAwMDAwMH19",
          "dependencies": [
            "module.v2-module.aws_internet_gateway.vpc-2-igw",
            "module.v2-module.aws_vpc.vpc-2"
          ]
        }
      ]
    },
    {
      "module": "module.v2-module",
      "mode": "managed",
      "type": "aws_route_table_association",
      "name": "vpc-2-pri-rt-association",
      "provider": "module.v2-module.provider[\"registry.terraform.io/hashicorp/aws\"]",
      "instances": [
        {
          "index_key": "subnet-1",
          "schema_version": 0,
          "attributes": {
            "gateway_id": "",
            "id": "rtbassoc-0f473217afd3f5f10",
            "region": "ap-south-1",
            "route_table_id": "rtb-0c6a1386e85ba37f8",
            "subnet_id": "subnet-0c07470e55ff13ec3",
            "timeouts": null
          },
          "sensitive_attributes": [],
          "identity_schema_version": 0,
          "identity": {
            "account_id": "601452824785",
            "id": "rtbassoc-0f473217afd3f5f10",
            "region": "ap-south-1"
          },
          "private": "eyJlMmJmYjczMC1lY2FhLTExZTYtOGY4OC0zNDM2M2JjN2M0YzAiOnsiY3JlYXRlIjozMDAwMDAwMDAwMDAsImRlbGV0ZSI6MzAwMDAwMDAwMDAwLCJ1cGRhdGUiOjEyMDAwMDAwMDAwMH19",
          "dependencies": [
            "module.v2-module.aws_eip.nat-eip",
            "module.v2-module.aws_nat_gateway.vpc-2-ngw",
            "module.v2-module.aws_route_table.vpc-2-pri-route-table",
            "module.v2-module.aws_subnet.vpc-2-pri-subnet-1",
            "module.v2-module.aws_subnet.vpc-2-pub-subnet-1",
            "module.v2-module.aws_vpc.vpc-2"
          ]
        }
      ]
    },
    {
      "module": "module.v2-module",
      "mode": "managed",
      "type": "aws_route_table_association",
      "name": "vpc-2-pub-rt-association",
      "provider": "module.v2-module.provider[\"registry.terraform.io/hashicorp/aws\"]",
      "instances": [
        {
          "index_key": "subnet-1",
          "schema_version": 0,
          "attributes": {
            "gateway_id": "",
            "id": "rtbassoc-077397ce47b6b6249",
            "region": "ap-south-1",
            "route_table_id": "rtb-0f7337855d3bdac56",
            "subnet_id": "subnet-08b64f2732f1918a1",
            "timeouts": null
          },
          "sensitive_attributes": [],
          "identity_schema_version": 0,
          "identity": {
            "account_id": "601452824785",
            "id": "rtbassoc-077397ce47b6b6249",
            "region": "ap-south-1"
          },
          "private": "eyJlMmJmYjczMC1lY2FhLTExZTYtOGY4OC0zNDM2M2JjN2M0YzAiOnsiY3JlYXRlIjozMDAwMDAwMDAwMDAsImRlbGV0ZSI6MzAwMDAwMDAwMDAwLCJ1cGRhdGUiOjEyMDAwMDAwMDAwMH19",
          "dependencies": [
            "module.v2-module.aws_internet_gateway.vpc-2-igw",
            "module.v2-module.aws_route_table.vpc-2-pub-route-table",
            "module.v2-module.aws_subnet.vpc-2-pub-subnet-1",
            "module.v2-module.aws_vpc.vpc-2"
          ]
        }
      ]
    },
    {
      "module": "module.v2-module",
      "mode": "managed",
      "type": "aws_security_group",
      "name": "vpc-2-security-group",
      "provider": "module.v2-module.provider[\"registry.terraform.io/hashicorp/aws\"]",
      "instances": [
        {
          "schema_version": 1,
          "attributes": {
            "arn": "arn:aws:ec2:ap-south-1:601452824785:security-group/sg-05eaccb13d5c8b437",
            "description": "Managed by Terraform",
            "egress": [
              {
                "cidr_blocks": [
                  "0.0.0.0/0"
                ],
                "description": "",
                "from_port": 0,
                "ipv6_cidr_blocks": [],
                "prefix_list_ids": [],
                "protocol": "-1",
                "security_groups": [],
                "self": false,
                "to_port": 0
              }
            ],
            "id": "sg-05eaccb13d5c8b437",
            "ingress": [
              {
                "cidr_blocks": [
                  "0.0.0.0/0"
                ],
                "description": "",
                "from_port": 22,
                "ipv6_cidr_blocks": [],
                "prefix_list_ids": [],
                "protocol": "tcp",
                "security_groups": [],
                "self": false,
                "to_port": 22
              },
              {
                "cidr_blocks": [
                  "0.0.0.0/0"
                ],
                "description": "",
                "from_port": 443,
                "ipv6_cidr_blocks": [],
                "prefix_list_ids": [],
                "protocol": "tcp",
                "security_groups": [],
                "self": false,
                "to_port": 443
              },
              {
                "cidr_blocks": [
                  "0.0.0.0/0"
                ],
                "description": "",
                "from_port": 80,
                "ipv6_cidr_blocks": [],
                "prefix_list_ids": [],
                "protocol": "tcp",
                "security_groups": [],
                "self": false,
                "to_port": 80
              }
            ],
            "name": "terraform-20260616073251392800000001",
            "name_prefix": "terraform-",
            "owner_id": "601452824785",
            "region": "ap-south-1",
            "revoke_rules_on_delete": false,
            "tags": {
              "Name": "vpc-2-security-group"
            },
            "tags_all": {
              "Name": "vpc-2-security-group"
            },
            "timeouts": null,
            "vpc_id": "vpc-01633fa191645c405"
          },
          "sensitive_attributes": [],
          "identity_schema_version": 0,
          "identity": {
            "account_id": "601452824785",
            "id": "sg-05eaccb13d5c8b437",
            "region": "ap-south-1"
          },
          "private": "eyJlMmJmYjczMC1lY2FhLTExZTYtOGY4OC0zNDM2M2JjN2M0YzAiOnsiY3JlYXRlIjo2MDAwMDAwMDAwMDAsImRlbGV0ZSI6OTAwMDAwMDAwMDAwfSwic2NoZW1hX3ZlcnNpb24iOiIxIn0=",
          "dependencies": [
            "module.v2-module.aws_vpc.vpc-2"
          ]
        }
      ]
    },
    {
      "module": "module.v2-module",
      "mode": "managed",
      "type": "aws_subnet",
      "name": "vpc-2-pri-subnet-1",
      "provider": "module.v2-module.provider[\"registry.terraform.io/hashicorp/aws\"]",
      "instances": [
        {
          "schema_version": 1,
          "attributes": {
            "arn": "arn:aws:ec2:ap-south-1:601452824785:subnet/subnet-0c07470e55ff13ec3",
            "assign_ipv6_address_on_creation": false,
            "availability_zone": "ap-south-1b",
            "availability_zone_id": "aps1-az3",
            "cidr_block": "11.0.0.16/28",
            "customer_owned_ipv4_pool": "",
            "enable_dns64": false,
            "enable_lni_at_device_index": 0,
            "enable_resource_name_dns_a_record_on_launch": false,
            "enable_resource_name_dns_aaaa_record_on_launch": false,
            "id": "subnet-0c07470e55ff13ec3",
            "ipv4_ipam_pool_id": null,
            "ipv4_netmask_length": null,
            "ipv6_cidr_block": "",
            "ipv6_cidr_block_association_id": "",
            "ipv6_ipam_pool_id": null,
            "ipv6_native": false,
            "ipv6_netmask_length": null,
            "map_customer_owned_ip_on_launch": false,
            "map_public_ip_on_launch": false,
            "outpost_arn": "",
            "owner_id": "601452824785",
            "private_dns_hostname_type_on_launch": "ip-name",
            "region": "ap-south-1",
            "tags": {
              "Name": "vpc-2-pri-subnet-1"
            },
            "tags_all": {
              "Name": "vpc-2-pri-subnet-1"
            },
            "timeouts": null,
            "vpc_id": "vpc-01633fa191645c405"
          },
          "sensitive_attributes": [],
          "identity_schema_version": 0,
          "identity": {
            "account_id": "601452824785",
            "id": "subnet-0c07470e55ff13ec3",
            "region": "ap-south-1"
          },
          "private": "eyJlMmJmYjczMC1lY2FhLTExZTYtOGY4OC0zNDM2M2JjN2M0YzAiOnsiY3JlYXRlIjo2MDAwMDAwMDAwMDAsImRlbGV0ZSI6MTIwMDAwMDAwMDAwMH0sInNjaGVtYV92ZXJzaW9uIjoiMSJ9",
          "dependencies": [
            "module.v2-module.aws_vpc.vpc-2"
          ]
        }
      ]
    },
    {
      "module": "module.v2-module",
      "mode": "managed",
      "type": "aws_subnet",
      "name": "vpc-2-pub-subnet-1",
      "provider": "module.v2-module.provider[\"registry.terraform.io/hashicorp/aws\"]",
      "instances": [
        {
          "schema_version": 1,
          "attributes": {
            "arn": "arn:aws:ec2:ap-south-1:601452824785:subnet/subnet-08b64f2732f1918a1",
            "assign_ipv6_address_on_creation": false,
            "availability_zone": "ap-south-1a",
            "availability_zone_id": "aps1-az1",
            "cidr_block": "11.0.0.0/28",
            "customer_owned_ipv4_pool": "",
            "enable_dns64": false,
            "enable_lni_at_device_index": 0,
            "enable_resource_name_dns_a_record_on_launch": false,
            "enable_resource_name_dns_aaaa_record_on_launch": false,
            "id": "subnet-08b64f2732f1918a1",
            "ipv4_ipam_pool_id": null,
            "ipv4_netmask_length": null,
            "ipv6_cidr_block": "",
            "ipv6_cidr_block_association_id": "",
            "ipv6_ipam_pool_id": null,
            "ipv6_native": false,
            "ipv6_netmask_length": null,
            "map_customer_owned_ip_on_launch": false,
            "map_public_ip_on_launch": false,
            "outpost_arn": "",
            "owner_id": "601452824785",
            "private_dns_hostname_type_on_launch": "ip-name",
            "region": "ap-south-1",
            "tags": {
              "Name": "vpc-2-pub-subnet-1"
            },
            "tags_all": {
              "Name": "vpc-2-pub-subnet-1"
            },
            "timeouts": null,
            "vpc_id": "vpc-01633fa191645c405"
          },
          "sensitive_attributes": [],
          "identity_schema_version": 0,
          "identity": {
            "account_id": "601452824785",
            "id": "subnet-08b64f2732f1918a1",
            "region": "ap-south-1"
          },
          "private": "eyJlMmJmYjczMC1lY2FhLTExZTYtOGY4OC0zNDM2M2JjN2M0YzAiOnsiY3JlYXRlIjo2MDAwMDAwMDAwMDAsImRlbGV0ZSI6MTIwMDAwMDAwMDAwMH0sInNjaGVtYV92ZXJzaW9uIjoiMSJ9",
          "dependencies": [
            "module.v2-module.aws_vpc.vpc-2"
          ]
        }
      ]
    },
    {
      "module": "module.v2-module",
      "mode": "managed",
      "type": "aws_vpc",
      "name": "vpc-2",
      "provider": "module.v2-module.provider[\"registry.terraform.io/hashicorp/aws\"]",
      "instances": [
        {
          "schema_version": 1,
          "attributes": {
            "arn": "arn:aws:ec2:ap-south-1:601452824785:vpc/vpc-01633fa191645c405",
            "assign_generated_ipv6_cidr_block": false,
            "cidr_block": "11.0.0.0/16",
            "default_network_acl_id": "acl-005c4afbe079024ed",
            "default_route_table_id": "rtb-0cf5964062e4e1fc0",
            "default_security_group_id": "sg-0b2dfdd6b493c2c45",
            "dhcp_options_id": "dopt-00e1d9ee407cb9daf",
            "enable_dns_hostnames": false,
            "enable_dns_support": true,
            "enable_network_address_usage_metrics": false,
            "id": "vpc-01633fa191645c405",
            "instance_tenancy": "default",
            "ipv4_ipam_pool_id": null,
            "ipv4_netmask_length": null,
            "ipv6_association_id": "",
            "ipv6_cidr_block": "",
            "ipv6_cidr_block_network_border_group": "",
            "ipv6_ipam_pool_id": "",
            "ipv6_netmask_length": 0,
            "main_route_table_id": "rtb-0cf5964062e4e1fc0",
            "owner_id": "601452824785",
            "region": "ap-south-1",
            "tags": {
              "Name": "vpc-2"
            },
            "tags_all": {
              "Name": "vpc-2"
            }
          },
          "sensitive_attributes": [],
          "identity_schema_version": 0,
          "identity": {
            "account_id": "601452824785",
            "id": "vpc-01633fa191645c405",
            "region": "ap-south-1"
          },
          "private": "eyJzY2hlbWFfdmVyc2lvbiI6IjEifQ=="
        }
      ]
    },
    {
      "module": "module.v3-module",
      "mode": "managed",
      "type": "aws_eip",
      "name": "nat-eip",
      "provider": "module.v3-module.provider[\"registry.terraform.io/hashicorp/aws\"]",
      "instances": [
        {
          "schema_version": 0,
          "attributes": {
            "address": null,
            "allocation_id": "eipalloc-03af2af22efb7e9bd",
            "arn": "arn:aws:ec2:ap-south-1:601452824785:elastic-ip/eipalloc-03af2af22efb7e9bd",
            "associate_with_private_ip": null,
            "association_id": "",
            "carrier_ip": "",
            "customer_owned_ip": "",
            "customer_owned_ipv4_pool": "",
            "domain": "vpc",
            "id": "eipalloc-03af2af22efb7e9bd",
            "instance": "",
            "ipam_pool_id": "",
            "network_border_group": "ap-south-1",
            "network_interface": "",
            "private_dns": "",
            "private_ip": "",
            "ptr_record": "",
            "public_dns": "ec2-13-234-60-18.ap-south-1.compute.amazonaws.com",
            "public_ip": "13.234.60.18",
            "public_ipv4_pool": "amazon",
            "region": "ap-south-1",
            "tags": null,
            "tags_all": {},
            "timeouts": null
          },
          "sensitive_attributes": [],
          "identity_schema_version": 0,
          "identity": {
            "account_id": "601452824785",
            "id": "eipalloc-03af2af22efb7e9bd",
            "region": "ap-south-1"
          },
          "private": "eyJlMmJmYjczMC1lY2FhLTExZTYtOGY4OC0zNDM2M2JjN2M0YzAiOnsiZGVsZXRlIjoxODAwMDAwMDAwMDAsInJlYWQiOjkwMDAwMDAwMDAwMCwidXBkYXRlIjozMDAwMDAwMDAwMDB9fQ=="
        }
      ]
    },
    {
      "module": "module.v3-module",
      "mode": "managed",
      "type": "aws_instance",
      "name": "vpc-3-pri-server",
      "provider": "module.v3-module.provider[\"registry.terraform.io/hashicorp/aws\"]",
      "instances": [
        {
          "schema_version": 2,
          "attributes": {
            "ami": "ami-0e38835daf6b8a2b9",
            "arn": "arn:aws:ec2:ap-south-1:601452824785:instance/i-00cb3eed9ff64689b",
            "associate_public_ip_address": false,
            "availability_zone": "ap-south-1b",
            "capacity_reservation_specification": [
              {
                "capacity_reservation_preference": "open",
                "capacity_reservation_target": []
              }
            ],
            "cpu_options": [
              {
                "amd_sev_snp": "",
                "core_count": 1,
                "nested_virtualization": "",
                "threads_per_core": 2
              }
            ],
            "credit_specification": [
              {
                "cpu_credits": "unlimited"
              }
            ],
            "disable_api_stop": false,
            "disable_api_termination": false,
            "ebs_block_device": [],
            "ebs_optimized": false,
            "enable_primary_ipv6": null,
            "enclave_options": [
              {
                "enabled": false
              }
            ],
            "ephemeral_block_device": [],
            "force_destroy": false,
            "get_password_data": false,
            "hibernation": false,
            "host_id": "",
            "host_resource_group_arn": null,
            "iam_instance_profile": "",
            "id": "i-00cb3eed9ff64689b",
            "instance_initiated_shutdown_behavior": "stop",
            "instance_lifecycle": "",
            "instance_market_options": [],
            "instance_state": "running",
            "instance_type": "t3.micro",
            "ipv6_address_count": 0,
            "ipv6_addresses": [],
            "key_name": "poojikeypair",
            "launch_template": [],
            "maintenance_options": [
              {
                "auto_recovery": "default"
              }
            ],
            "metadata_options": [
              {
                "http_endpoint": "enabled",
                "http_protocol_ipv6": "disabled",
                "http_put_response_hop_limit": 2,
                "http_tokens": "required",
                "instance_metadata_tags": "disabled"
              }
            ],
            "monitoring": false,
            "network_interface": [],
            "outpost_arn": "",
            "password_data": "",
            "placement_group": "",
            "placement_group_id": "",
            "placement_partition_number": 0,
            "primary_network_interface": [
              {
                "delete_on_termination": true,
                "network_interface_id": "eni-0916df0455134f251"
              }
            ],
            "primary_network_interface_id": "eni-0916df0455134f251",
            "private_dns": "ip-12-0-0-20.ap-south-1.compute.internal",
            "private_dns_name_options": [
              {
                "enable_resource_name_dns_a_record": false,
                "enable_resource_name_dns_aaaa_record": false,
                "hostname_type": "ip-name"
              }
            ],
            "private_ip": "12.0.0.20",
            "public_dns": "",
            "public_ip": "",
            "region": "ap-south-1",
            "root_block_device": [
              {
                "delete_on_termination": true,
                "device_name": "/dev/xvda",
                "encrypted": false,
                "iops": 3000,
                "kms_key_id": "",
                "tags": {},
                "tags_all": {},
                "throughput": 125,
                "volume_id": "vol-082d6833efba3da55",
                "volume_size": 8,
                "volume_type": "gp3"
              }
            ],
            "secondary_network_interface": [],
            "secondary_private_ips": [],
            "security_groups": [
              "sg-027c56a2a197db028"
            ],
            "source_dest_check": true,
            "spot_instance_request_id": "",
            "subnet_id": "subnet-057417c714ccee9b1",
            "tags": {
              "Name": "vpc-3-pri-server"
            },
            "tags_all": {
              "Name": "vpc-3-pri-server"
            },
            "tenancy": "default",
            "timeouts": null,
            "user_data": null,
            "user_data_base64": null,
            "user_data_replace_on_change": false,
            "volume_tags": null,
            "vpc_security_group_ids": [
              "sg-027c56a2a197db028"
            ]
          },
          "sensitive_attributes": [],
          "identity_schema_version": 0,
          "identity": {
            "account_id": "601452824785",
            "id": "i-00cb3eed9ff64689b",
            "region": "ap-south-1"
          },
          "private": "eyJlMmJmYjczMC1lY2FhLTExZTYtOGY4OC0zNDM2M2JjN2M0YzAiOnsiY3JlYXRlIjo2MDAwMDAwMDAwMDAsImRlbGV0ZSI6MTIwMDAwMDAwMDAwMCwicmVhZCI6OTAwMDAwMDAwMDAwLCJ1cGRhdGUiOjYwMDAwMDAwMDAwMH0sInNjaGVtYV92ZXJzaW9uIjoiMiJ9",
          "dependencies": [
            "module.v3-module.aws_security_group.vpc-3-security-group",
            "module.v3-module.aws_subnet.vpc-3-pri-subnet-1",
            "module.v3-module.aws_vpc.vpc-3"
          ]
        }
      ]
    },
    {
      "module": "module.v3-module",
      "mode": "managed",
      "type": "aws_instance",
      "name": "vpc-3-pub-server",
      "provider": "module.v3-module.provider[\"registry.terraform.io/hashicorp/aws\"]",
      "instances": [
        {
          "schema_version": 2,
          "attributes": {
            "ami": "ami-0e38835daf6b8a2b9",
            "arn": "arn:aws:ec2:ap-south-1:601452824785:instance/i-07fedb20153da2154",
            "associate_public_ip_address": true,
            "availability_zone": "ap-south-1a",
            "capacity_reservation_specification": [
              {
                "capacity_reservation_preference": "open",
                "capacity_reservation_target": []
              }
            ],
            "cpu_options": [
              {
                "amd_sev_snp": "",
                "core_count": 1,
                "nested_virtualization": "",
                "threads_per_core": 2
              }
            ],
            "credit_specification": [
              {
                "cpu_credits": "unlimited"
              }
            ],
            "disable_api_stop": false,
            "disable_api_termination": false,
            "ebs_block_device": [],
            "ebs_optimized": false,
            "enable_primary_ipv6": null,
            "enclave_options": [
              {
                "enabled": false
              }
            ],
            "ephemeral_block_device": [],
            "force_destroy": false,
            "get_password_data": false,
            "hibernation": false,
            "host_id": "",
            "host_resource_group_arn": null,
            "iam_instance_profile": "",
            "id": "i-07fedb20153da2154",
            "instance_initiated_shutdown_behavior": "stop",
            "instance_lifecycle": "",
            "instance_market_options": [],
            "instance_state": "running",
            "instance_type": "t3.micro",
            "ipv6_address_count": 0,
            "ipv6_addresses": [],
            "key_name": "poojikeypair",
            "launch_template": [],
            "maintenance_options": [
              {
                "auto_recovery": "default"
              }
            ],
            "metadata_options": [
              {
                "http_endpoint": "enabled",
                "http_protocol_ipv6": "disabled",
                "http_put_response_hop_limit": 2,
                "http_tokens": "required",
                "instance_metadata_tags": "disabled"
              }
            ],
            "monitoring": false,
            "network_interface": [],
            "outpost_arn": "",
            "password_data": "",
            "placement_group": "",
            "placement_group_id": "",
            "placement_partition_number": 0,
            "primary_network_interface": [
              {
                "delete_on_termination": true,
                "network_interface_id": "eni-04f2f42e11dc98b3d"
              }
            ],
            "primary_network_interface_id": "eni-04f2f42e11dc98b3d",
            "private_dns": "ip-12-0-0-8.ap-south-1.compute.internal",
            "private_dns_name_options": [
              {
                "enable_resource_name_dns_a_record": false,
                "enable_resource_name_dns_aaaa_record": false,
                "hostname_type": "ip-name"
              }
            ],
            "private_ip": "12.0.0.8",
            "public_dns": "",
            "public_ip": "13.232.106.62",
            "region": "ap-south-1",
            "root_block_device": [
              {
                "delete_on_termination": true,
                "device_name": "/dev/xvda",
                "encrypted": false,
                "iops": 3000,
                "kms_key_id": "",
                "tags": {},
                "tags_all": {},
                "throughput": 125,
                "volume_id": "vol-010aaf70ff3416e96",
                "volume_size": 8,
                "volume_type": "gp3"
              }
            ],
            "secondary_network_interface": [],
            "secondary_private_ips": [],
            "security_groups": [
              "sg-027c56a2a197db028"
            ],
            "source_dest_check": true,
            "spot_instance_request_id": "",
            "subnet_id": "subnet-09f31990626a81cba",
            "tags": {
              "Name": "vpc-3-pub-server"
            },
            "tags_all": {
              "Name": "vpc-3-pub-server"
            },
            "tenancy": "default",
            "timeouts": null,
            "user_data": null,
            "user_data_base64": null,
            "user_data_replace_on_change": false,
            "volume_tags": null,
            "vpc_security_group_ids": [
              "sg-027c56a2a197db028"
            ]
          },
          "sensitive_attributes": [],
          "identity_schema_version": 0,
          "identity": {
            "account_id": "601452824785",
            "id": "i-07fedb20153da2154",
            "region": "ap-south-1"
          },
          "private": "eyJlMmJmYjczMC1lY2FhLTExZTYtOGY4OC0zNDM2M2JjN2M0YzAiOnsiY3JlYXRlIjo2MDAwMDAwMDAwMDAsImRlbGV0ZSI6MTIwMDAwMDAwMDAwMCwicmVhZCI6OTAwMDAwMDAwMDAwLCJ1cGRhdGUiOjYwMDAwMDAwMDAwMH0sInNjaGVtYV92ZXJzaW9uIjoiMiJ9",
          "dependencies": [
            "module.v3-module.aws_security_group.vpc-3-security-group",
            "module.v3-module.aws_subnet.vpc-3-pub-subnet-1",
            "module.v3-module.aws_vpc.vpc-3"
          ]
        }
      ]
    },
    {
      "module": "module.v3-module",
      "mode": "managed",
      "type": "aws_internet_gateway",
      "name": "vpc-3-igw",
      "provider": "module.v3-module.provider[\"registry.terraform.io/hashicorp/aws\"]",
      "instances": [
        {
          "schema_version": 0,
          "attributes": {
            "arn": "arn:aws:ec2:ap-south-1:601452824785:internet-gateway/igw-0d1906abf2776d35f",
            "id": "igw-0d1906abf2776d35f",
            "owner_id": "601452824785",
            "region": "ap-south-1",
            "tags": {
              "Name": "vpc-3-igw"
            },
            "tags_all": {
              "Name": "vpc-3-igw"
            },
            "timeouts": null,
            "vpc_id": "vpc-01a4a133fbf9b05be"
          },
          "sensitive_attributes": [],
          "identity_schema_version": 0,
          "identity": {
            "account_id": "601452824785",
            "id": "igw-0d1906abf2776d35f",
            "region": "ap-south-1"
          },
          "private": "eyJlMmJmYjczMC1lY2FhLTExZTYtOGY4OC0zNDM2M2JjN2M0YzAiOnsiY3JlYXRlIjoxMjAwMDAwMDAwMDAwLCJkZWxldGUiOjEyMDAwMDAwMDAwMDAsInVwZGF0ZSI6MTIwMDAwMDAwMDAwMH19",
          "dependencies": [
            "module.v3-module.aws_vpc.vpc-3"
          ]
        }
      ]
    },
    {
      "module": "module.v3-module",
      "mode": "managed",
      "type": "aws_nat_gateway",
      "name": "vpc-3-ngw",
      "provider": "module.v3-module.provider[\"registry.terraform.io/hashicorp/aws\"]",
      "instances": [
        {
          "schema_version": 0,
          "attributes": {
            "allocation_id": "eipalloc-03af2af22efb7e9bd",
            "association_id": "eipassoc-0f683e573621b5820",
            "auto_provision_zones": null,
            "auto_scaling_ips": null,
            "availability_mode": "zonal",
            "availability_zone_address": [],
            "connectivity_type": "public",
            "id": "nat-001e904231f321779",
            "network_interface_id": "eni-0622079c32368ad1d",
            "private_ip": "12.0.0.5",
            "public_ip": "13.234.60.18",
            "region": "ap-south-1",
            "regional_nat_gateway_address": [],
            "regional_nat_gateway_auto_mode": null,
            "route_table_id": null,
            "secondary_allocation_ids": [],
            "secondary_private_ip_address_count": 0,
            "secondary_private_ip_addresses": [],
            "subnet_id": "subnet-09f31990626a81cba",
            "tags": {
              "Name": "vpc-3-ngw"
            },
            "tags_all": {
              "Name": "vpc-3-ngw"
            },
            "timeouts": null,
            "vpc_id": "vpc-01a4a133fbf9b05be"
          },
          "sensitive_attributes": [],
          "identity_schema_version": 0,
          "identity": {
            "account_id": "601452824785",
            "id": "nat-001e904231f321779",
            "region": "ap-south-1"
          },
          "private": "eyJlMmJmYjczMC1lY2FhLTExZTYtOGY4OC0zNDM2M2JjN2M0YzAiOnsiY3JlYXRlIjo2MDAwMDAwMDAwMDAsImRlbGV0ZSI6MTgwMDAwMDAwMDAwMCwidXBkYXRlIjo2MDAwMDAwMDAwMDB9fQ==",
          "dependencies": [
            "module.v3-module.aws_eip.nat-eip",
            "module.v3-module.aws_subnet.vpc-3-pub-subnet-1",
            "module.v3-module.aws_vpc.vpc-3"
          ]
        }
      ]
    },
    {
      "module": "module.v3-module",
      "mode": "managed",
      "type": "aws_route_table",
      "name": "vpc-3-pri-route-table",
      "provider": "module.v3-module.provider[\"registry.terraform.io/hashicorp/aws\"]",
      "instances": [
        {
          "schema_version": 0,
          "attributes": {
            "arn": "arn:aws:ec2:ap-south-1:601452824785:route-table/rtb-0ab144af7a0630505",
            "id": "rtb-0ab144af7a0630505",
            "owner_id": "601452824785",
            "propagating_vgws": [],
            "region": "ap-south-1",
            "route": [
              {
                "carrier_gateway_id": "",
                "cidr_block": "0.0.0.0/0",
                "core_network_arn": "",
                "destination_prefix_list_id": "",
                "egress_only_gateway_id": "",
                "gateway_id": "nat-001e904231f321779",
                "ipv6_cidr_block": "",
                "local_gateway_id": "",
                "nat_gateway_id": "",
                "network_interface_id": "",
                "odb_network_arn": "",
                "transit_gateway_id": "",
                "vpc_endpoint_id": "",
                "vpc_peering_connection_id": ""
              }
            ],
            "tags": {
              "Name": "vpc-3-pri-route-table"
            },
            "tags_all": {
              "Name": "vpc-3-pri-route-table"
            },
            "timeouts": null,
            "vpc_id": "vpc-01a4a133fbf9b05be"
          },
          "sensitive_attributes": [],
          "identity_schema_version": 0,
          "identity": {
            "account_id": "601452824785",
            "id": "rtb-0ab144af7a0630505",
            "region": "ap-south-1"
          },
          "private": "eyJlMmJmYjczMC1lY2FhLTExZTYtOGY4OC0zNDM2M2JjN2M0YzAiOnsiY3JlYXRlIjozMDAwMDAwMDAwMDAsImRlbGV0ZSI6MzAwMDAwMDAwMDAwLCJ1cGRhdGUiOjEyMDAwMDAwMDAwMH19",
          "dependencies": [
            "module.v3-module.aws_eip.nat-eip",
            "module.v3-module.aws_nat_gateway.vpc-3-ngw",
            "module.v3-module.aws_subnet.vpc-3-pub-subnet-1",
            "module.v3-module.aws_vpc.vpc-3"
          ]
        }
      ]
    },
    {
      "module": "module.v3-module",
      "mode": "managed",
      "type": "aws_route_table",
      "name": "vpc-3-pub-route-table",
      "provider": "module.v3-module.provider[\"registry.terraform.io/hashicorp/aws\"]",
      "instances": [
        {
          "schema_version": 0,
          "attributes": {
            "arn": "arn:aws:ec2:ap-south-1:601452824785:route-table/rtb-00914b9f8121cd9e0",
            "id": "rtb-00914b9f8121cd9e0",
            "owner_id": "601452824785",
            "propagating_vgws": [],
            "region": "ap-south-1",
            "route": [
              {
                "carrier_gateway_id": "",
                "cidr_block": "0.0.0.0/0",
                "core_network_arn": "",
                "destination_prefix_list_id": "",
                "egress_only_gateway_id": "",
                "gateway_id": "igw-0d1906abf2776d35f",
                "ipv6_cidr_block": "",
                "local_gateway_id": "",
                "nat_gateway_id": "",
                "network_interface_id": "",
                "odb_network_arn": "",
                "transit_gateway_id": "",
                "vpc_endpoint_id": "",
                "vpc_peering_connection_id": ""
              }
            ],
            "tags": {
              "Name": "vpc-3-pub-route-table"
            },
            "tags_all": {
              "Name": "vpc-3-pub-route-table"
            },
            "timeouts": null,
            "vpc_id": "vpc-01a4a133fbf9b05be"
          },
          "sensitive_attributes": [],
          "identity_schema_version": 0,
          "identity": {
            "account_id": "601452824785",
            "id": "rtb-00914b9f8121cd9e0",
            "region": "ap-south-1"
          },
          "private": "eyJlMmJmYjczMC1lY2FhLTExZTYtOGY4OC0zNDM2M2JjN2M0YzAiOnsiY3JlYXRlIjozMDAwMDAwMDAwMDAsImRlbGV0ZSI6MzAwMDAwMDAwMDAwLCJ1cGRhdGUiOjEyMDAwMDAwMDAwMH19",
          "dependencies": [
            "module.v3-module.aws_internet_gateway.vpc-3-igw",
            "module.v3-module.aws_vpc.vpc-3"
          ]
        }
      ]
    },
    {
      "module": "module.v3-module",
      "mode": "managed",
      "type": "aws_route_table_association",
      "name": "vpc-3-pri-rt-association",
      "provider": "module.v3-module.provider[\"registry.terraform.io/hashicorp/aws\"]",
      "instances": [
        {
          "index_key": "subnet-1",
          "schema_version": 0,
          "attributes": {
            "gateway_id": "",
            "id": "rtbassoc-088f88a26735a2e45",
            "region": "ap-south-1",
            "route_table_id": "rtb-0ab144af7a0630505",
            "subnet_id": "subnet-057417c714ccee9b1",
            "timeouts": null
          },
          "sensitive_attributes": [],
          "identity_schema_version": 0,
          "identity": {
            "account_id": "601452824785",
            "id": "rtbassoc-088f88a26735a2e45",
            "region": "ap-south-1"
          },
          "private": "eyJlMmJmYjczMC1lY2FhLTExZTYtOGY4OC0zNDM2M2JjN2M0YzAiOnsiY3JlYXRlIjozMDAwMDAwMDAwMDAsImRlbGV0ZSI6MzAwMDAwMDAwMDAwLCJ1cGRhdGUiOjEyMDAwMDAwMDAwMH19",
          "dependencies": [
            "module.v3-module.aws_eip.nat-eip",
            "module.v3-module.aws_nat_gateway.vpc-3-ngw",
            "module.v3-module.aws_route_table.vpc-3-pri-route-table",
            "module.v3-module.aws_subnet.vpc-3-pri-subnet-1",
            "module.v3-module.aws_subnet.vpc-3-pub-subnet-1",
            "module.v3-module.aws_vpc.vpc-3"
          ]
        }
      ]
    },
    {
      "module": "module.v3-module",
      "mode": "managed",
      "type": "aws_route_table_association",
      "name": "vpc-3-pub-rt-association",
      "provider": "module.v3-module.provider[\"registry.terraform.io/hashicorp/aws\"]",
      "instances": [
        {
          "index_key": "subnet-1",
          "schema_version": 0,
          "attributes": {
            "gateway_id": "",
            "id": "rtbassoc-088eef3f206581877",
            "region": "ap-south-1",
            "route_table_id": "rtb-00914b9f8121cd9e0",
            "subnet_id": "subnet-09f31990626a81cba",
            "timeouts": null
          },
          "sensitive_attributes": [],
          "identity_schema_version": 0,
          "identity": {
            "account_id": "601452824785",
            "id": "rtbassoc-088eef3f206581877",
            "region": "ap-south-1"
          },
          "private": "eyJlMmJmYjczMC1lY2FhLTExZTYtOGY4OC0zNDM2M2JjN2M0YzAiOnsiY3JlYXRlIjozMDAwMDAwMDAwMDAsImRlbGV0ZSI6MzAwMDAwMDAwMDAwLCJ1cGRhdGUiOjEyMDAwMDAwMDAwMH19",
          "dependencies": [
            "module.v3-module.aws_internet_gateway.vpc-3-igw",
            "module.v3-module.aws_route_table.vpc-3-pub-route-table",
            "module.v3-module.aws_subnet.vpc-3-pub-subnet-1",
            "module.v3-module.aws_vpc.vpc-3"
          ]
        }
      ]
    },
    {
      "module": "module.v3-module",
      "mode": "managed",
      "type": "aws_security_group",
      "name": "vpc-3-security-group",
      "provider": "module.v3-module.provider[\"registry.terraform.io/hashicorp/aws\"]",
      "instances": [
        {
          "schema_version": 1,
          "attributes": {
            "arn": "arn:aws:ec2:ap-south-1:601452824785:security-group/sg-027c56a2a197db028",
            "description": "Managed by Terraform",
            "egress": [
              {
                "cidr_blocks": [
                  "0.0.0.0/0"
                ],
                "description": "",
                "from_port": 0,
                "ipv6_cidr_blocks": [],
                "prefix_list_ids": [],
                "protocol": "-1",
                "security_groups": [],
                "self": false,
                "to_port": 0
              }
            ],
            "id": "sg-027c56a2a197db028",
            "ingress": [
              {
                "cidr_blocks": [
                  "0.0.0.0/0"
                ],
                "description": "",
                "from_port": 22,
                "ipv6_cidr_blocks": [],
                "prefix_list_ids": [],
                "protocol": "tcp",
                "security_groups": [],
                "self": false,
                "to_port": 22
              },
              {
                "cidr_blocks": [
                  "0.0.0.0/0"
                ],
                "description": "",
                "from_port": 443,
                "ipv6_cidr_blocks": [],
                "prefix_list_ids": [],
                "protocol": "tcp",
                "security_groups": [],
                "self": false,
                "to_port": 443
              },
              {
                "cidr_blocks": [
                  "0.0.0.0/0"
                ],
                "description": "",
                "from_port": 80,
                "ipv6_cidr_blocks": [],
                "prefix_list_ids": [],
                "protocol": "tcp",
                "security_groups": [],
                "self": false,
                "to_port": 80
              }
            ],
            "name": "terraform-20260616073250557800000001",
            "name_prefix": "terraform-",
            "owner_id": "601452824785",
            "region": "ap-south-1",
            "revoke_rules_on_delete": false,
            "tags": {
              "Name": "vpc-3-security-group"
            },
            "tags_all": {
              "Name": "vpc-3-security-group"
            },
            "timeouts": null,
            "vpc_id": "vpc-01a4a133fbf9b05be"
          },
          "sensitive_attributes": [],
          "identity_schema_version": 0,
          "identity": {
            "account_id": "601452824785",
            "id": "sg-027c56a2a197db028",
            "region": "ap-south-1"
          },
          "private": "eyJlMmJmYjczMC1lY2FhLTExZTYtOGY4OC0zNDM2M2JjN2M0YzAiOnsiY3JlYXRlIjo2MDAwMDAwMDAwMDAsImRlbGV0ZSI6OTAwMDAwMDAwMDAwfSwic2NoZW1hX3ZlcnNpb24iOiIxIn0=",
          "dependencies": [
            "module.v3-module.aws_vpc.vpc-3"
          ]
        }
      ]
    },
    {
      "module": "module.v3-module",
      "mode": "managed",
      "type": "aws_subnet",
      "name": "vpc-3-pri-subnet-1",
      "provider": "module.v3-module.provider[\"registry.terraform.io/hashicorp/aws\"]",
      "instances": [
        {
          "schema_version": 1,
          "attributes": {
            "arn": "arn:aws:ec2:ap-south-1:601452824785:subnet/subnet-057417c714ccee9b1",
            "assign_ipv6_address_on_creation": false,
            "availability_zone": "ap-south-1b",
            "availability_zone_id": "aps1-az3",
            "cidr_block": "12.0.0.16/28",
            "customer_owned_ipv4_pool": "",
            "enable_dns64": false,
            "enable_lni_at_device_index": 0,
            "enable_resource_name_dns_a_record_on_launch": false,
            "enable_resource_name_dns_aaaa_record_on_launch": false,
            "id": "subnet-057417c714ccee9b1",
            "ipv4_ipam_pool_id": null,
            "ipv4_netmask_length": null,
            "ipv6_cidr_block": "",
            "ipv6_cidr_block_association_id": "",
            "ipv6_ipam_pool_id": null,
            "ipv6_native": false,
            "ipv6_netmask_length": null,
            "map_customer_owned_ip_on_launch": false,
            "map_public_ip_on_launch": false,
            "outpost_arn": "",
            "owner_id": "601452824785",
            "private_dns_hostname_type_on_launch": "ip-name",
            "region": "ap-south-1",
            "tags": {
              "Name": "vpc-3-pri-subnet-1"
            },
            "tags_all": {
              "Name": "vpc-3-pri-subnet-1"
            },
            "timeouts": null,
            "vpc_id": "vpc-01a4a133fbf9b05be"
          },
          "sensitive_attributes": [],
          "identity_schema_version": 0,
          "identity": {
            "account_id": "601452824785",
            "id": "subnet-057417c714ccee9b1",
            "region": "ap-south-1"
          },
          "private": "eyJlMmJmYjczMC1lY2FhLTExZTYtOGY4OC0zNDM2M2JjN2M0YzAiOnsiY3JlYXRlIjo2MDAwMDAwMDAwMDAsImRlbGV0ZSI6MTIwMDAwMDAwMDAwMH0sInNjaGVtYV92ZXJzaW9uIjoiMSJ9",
          "dependencies": [
            "module.v3-module.aws_vpc.vpc-3"
          ]
        }
      ]
    },
    {
      "module": "module.v3-module",
      "mode": "managed",
      "type": "aws_subnet",
      "name": "vpc-3-pub-subnet-1",
      "provider": "module.v3-module.provider[\"registry.terraform.io/hashicorp/aws\"]",
      "instances": [
        {
          "schema_version": 1,
          "attributes": {
            "arn": "arn:aws:ec2:ap-south-1:601452824785:subnet/subnet-09f31990626a81cba",
            "assign_ipv6_address_on_creation": false,
            "availability_zone": "ap-south-1a",
            "availability_zone_id": "aps1-az1",
            "cidr_block": "12.0.0.0/28",
            "customer_owned_ipv4_pool": "",
            "enable_dns64": false,
            "enable_lni_at_device_index": 0,
            "enable_resource_name_dns_a_record_on_launch": false,
            "enable_resource_name_dns_aaaa_record_on_launch": false,
            "id": "subnet-09f31990626a81cba",
            "ipv4_ipam_pool_id": null,
            "ipv4_netmask_length": null,
            "ipv6_cidr_block": "",
            "ipv6_cidr_block_association_id": "",
            "ipv6_ipam_pool_id": null,
            "ipv6_native": false,
            "ipv6_netmask_length": null,
            "map_customer_owned_ip_on_launch": false,
            "map_public_ip_on_launch": false,
            "outpost_arn": "",
            "owner_id": "601452824785",
            "private_dns_hostname_type_on_launch": "ip-name",
            "region": "ap-south-1",
            "tags": {
              "Name": "vpc-3-pub-subnet-1"
            },
            "tags_all": {
              "Name": "vpc-3-pub-subnet-1"
            },
            "timeouts": null,
            "vpc_id": "vpc-01a4a133fbf9b05be"
          },
          "sensitive_attributes": [],
          "identity_schema_version": 0,
          "identity": {
            "account_id": "601452824785",
            "id": "subnet-09f31990626a81cba",
            "region": "ap-south-1"
          },
          "private": "eyJlMmJmYjczMC1lY2FhLTExZTYtOGY4OC0zNDM2M2JjN2M0YzAiOnsiY3JlYXRlIjo2MDAwMDAwMDAwMDAsImRlbGV0ZSI6MTIwMDAwMDAwMDAwMH0sInNjaGVtYV92ZXJzaW9uIjoiMSJ9",
          "dependencies": [
            "module.v3-module.aws_vpc.vpc-3"
          ]
        }
      ]
    },
    {
      "module": "module.v3-module",
      "mode": "managed",
      "type": "aws_vpc",
      "name": "vpc-3",
      "provider": "module.v3-module.provider[\"registry.terraform.io/hashicorp/aws\"]",
      "instances": [
        {
          "schema_version": 1,
          "attributes": {
            "arn": "arn:aws:ec2:ap-south-1:601452824785:vpc/vpc-01a4a133fbf9b05be",
            "assign_generated_ipv6_cidr_block": false,
            "cidr_block": "12.0.0.0/16",
            "default_network_acl_id": "acl-04e185c79b61f376f",
            "default_route_table_id": "rtb-0f2ac538af6a5cbfa",
            "default_security_group_id": "sg-00b7b74d6cab5867b",
            "dhcp_options_id": "dopt-00e1d9ee407cb9daf",
            "enable_dns_hostnames": false,
            "enable_dns_support": true,
            "enable_network_address_usage_metrics": false,
            "id": "vpc-01a4a133fbf9b05be",
            "instance_tenancy": "default",
            "ipv4_ipam_pool_id": null,
            "ipv4_netmask_length": null,
            "ipv6_association_id": "",
            "ipv6_cidr_block": "",
            "ipv6_cidr_block_network_border_group": "",
            "ipv6_ipam_pool_id": "",
            "ipv6_netmask_length": 0,
            "main_route_table_id": "rtb-0f2ac538af6a5cbfa",
            "owner_id": "601452824785",
            "region": "ap-south-1",
            "tags": {
              "Name": "vpc-3"
            },
            "tags_all": {
              "Name": "vpc-3"
            }
          },
          "sensitive_attributes": [],
          "identity_schema_version": 0,
          "identity": {
            "account_id": "601452824785",
            "id": "vpc-01a4a133fbf9b05be",
            "region": "ap-south-1"
          },
          "private": "eyJzY2hlbWFfdmVyc2lvbiI6IjEifQ=="
        }
      ]
    }
  ],
  "check_results": null
}
